// !$*UTF8*$!
{
	archiveVersion = 1;
	classes = {
	};
	objectVersion = 51;
	objects = {

/* Begin PBXBuildFile section */
		059541C076CED5191D3E4DFD /* Pods_FlexibleRouting.framework in Frameworks */ = {isa = PBXBuildFile; fileRef = D4B9387823D21BD2D27B9EF6 /* Pods_FlexibleRouting.framework */; };
		0803B1243F30F9DBC5384B17 /* Pods_FlexibleRoutingTests.framework in Frameworks */ = {isa = PBXBuildFile; fileRef = A87E3BB0571AA08ECF5D10FA /* Pods_FlexibleRoutingTests.framework */; };
		881FDECF29C241360057AAB2 /* AssetDetailsPresenter.swift in Sources */ = {isa = PBXBuildFile; fileRef = 881FDEC429C241360057AAB2 /* AssetDetailsPresenter.swift */; };
		881FDED029C241360057AAB2 /* AssetDetailsViewController.swift in Sources */ = {isa = PBXBuildFile; fileRef = 881FDEC529C241360057AAB2 /* AssetDetailsViewController.swift */; };
		881FDED129C241360057AAB2 /* AssetHistory.swift in Sources */ = {isa = PBXBuildFile; fileRef = 881FDEC729C241360057AAB2 /* AssetHistory.swift */; };
		881FDED229C241360057AAB2 /* ChartScrollView.swift in Sources */ = {isa = PBXBuildFile; fileRef = 881FDEC929C241360057AAB2 /* ChartScrollView.swift */; };
		881FDED329C241360057AAB2 /* DetailHorizontalStackView.swift in Sources */ = {isa = PBXBuildFile; fileRef = 881FDECA29C241360057AAB2 /* DetailHorizontalStackView.swift */; };
		881FDED429C241360057AAB2 /* ChartRenderer.swift in Sources */ = {isa = PBXBuildFile; fileRef = 881FDECB29C241360057AAB2 /* ChartRenderer.swift */; };
		881FDED529C241360057AAB2 /* AssetDetailsView.swift in Sources */ = {isa = PBXBuildFile; fileRef = 881FDECC29C241360057AAB2 /* AssetDetailsView.swift */; };
		881FDED629C241360057AAB2 /* AssetDetailsConfigurator.swift in Sources */ = {isa = PBXBuildFile; fileRef = 881FDECD29C241360057AAB2 /* AssetDetailsConfigurator.swift */; };
		881FDED729C241360057AAB2 /* AssetDetailsInteractor.swift in Sources */ = {isa = PBXBuildFile; fileRef = 881FDECE29C241360057AAB2 /* AssetDetailsInteractor.swift */; };
		881FDEDC29C2420B0057AAB2 /* AssetDetailsRoute.swift in Sources */ = {isa = PBXBuildFile; fileRef = 881FDEDB29C2420B0057AAB2 /* AssetDetailsRoute.swift */; };
		881FDEE129C242D10057AAB2 /* PushTransition.swift in Sources */ = {isa = PBXBuildFile; fileRef = 881FDEE029C242D10057AAB2 /* PushTransition.swift */; };
		881FDEF929C246F40057AAB2 /* AppConstants.swift in Sources */ = {isa = PBXBuildFile; fileRef = 881FDEF829C246F40057AAB2 /* AppConstants.swift */; };
		8885266929C0B873006259E8 /* SettingsTabRoute.swift in Sources */ = {isa = PBXBuildFile; fileRef = 8885266829C0B873006259E8 /* SettingsTabRoute.swift */; };
		8885267629C0BD77006259E8 /* Constants.swift in Sources */ = {isa = PBXBuildFile; fileRef = 8885267529C0BD77006259E8 /* Constants.swift */; };
		88A18C8429BF84D9008015DB /* Routable.swift in Sources */ = {isa = PBXBuildFile; fileRef = 88A18C8329BF84D9008015DB /* Routable.swift */; };
		88A18C8529BF84D9008015DB /* Routable.swift in Sources */ = {isa = PBXBuildFile; fileRef = 88A18C8329BF84D9008015DB /* Routable.swift */; };
		88A18C8629BF84D9008015DB /* Routable.swift in Sources */ = {isa = PBXBuildFile; fileRef = 88A18C8329BF84D9008015DB /* Routable.swift */; };
		88A18C8B29BF85C8008015DB /* Transition.swift in Sources */ = {isa = PBXBuildFile; fileRef = 88A18C8A29BF85C8008015DB /* Transition.swift */; };
		88A18C8C29BF85C8008015DB /* Transition.swift in Sources */ = {isa = PBXBuildFile; fileRef = 88A18C8A29BF85C8008015DB /* Transition.swift */; };
		88A18C8D29BF85C8008015DB /* Transition.swift in Sources */ = {isa = PBXBuildFile; fileRef = 88A18C8A29BF85C8008015DB /* Transition.swift */; };
		88A18C9629BF86C2008015DB /* DefaultRouter.swift in Sources */ = {isa = PBXBuildFile; fileRef = 88A18C9529BF86C2008015DB /* DefaultRouter.swift */; };
		88A18C9729BF86C2008015DB /* DefaultRouter.swift in Sources */ = {isa = PBXBuildFile; fileRef = 88A18C9529BF86C2008015DB /* DefaultRouter.swift */; };
		88A18C9829BF86C2008015DB /* DefaultRouter.swift in Sources */ = {isa = PBXBuildFile; fileRef = 88A18C9529BF86C2008015DB /* DefaultRouter.swift */; };
		88A18CAD29BF9327008015DB /* ModalTransition.swift in Sources */ = {isa = PBXBuildFile; fileRef = 88A18CAC29BF9327008015DB /* ModalTransition.swift */; };
		88A18CAE29BF9327008015DB /* ModalTransition.swift in Sources */ = {isa = PBXBuildFile; fileRef = 88A18CAC29BF9327008015DB /* ModalTransition.swift */; };
		88A18CAF29BF9327008015DB /* ModalTransition.swift in Sources */ = {isa = PBXBuildFile; fileRef = 88A18CAC29BF9327008015DB /* ModalTransition.swift */; };
		88DF5F9929C0F78300C47453 /* Extension + String.swift in Sources */ = {isa = PBXBuildFile; fileRef = 88DF5F9829C0F78300C47453 /* Extension + String.swift */; };
		88DF5FA629C0F9FB00C47453 /* Localizable.strings in Resources */ = {isa = PBXBuildFile; fileRef = 88DF5FA829C0F9FB00C47453 /* Localizable.strings */; };
		88E1E48029C08ED0000572FF /* EmptyTransition.swift in Sources */ = {isa = PBXBuildFile; fileRef = 88E1E47F29C08ED0000572FF /* EmptyTransition.swift */; };
		88E1E48529C090EA000572FF /* MainTabBarController.swift in Sources */ = {isa = PBXBuildFile; fileRef = 88E1E48429C090EA000572FF /* MainTabBarController.swift */; };
		88E1E49F29C0A9E9000572FF /* WatchlistTabRoute.swift in Sources */ = {isa = PBXBuildFile; fileRef = 88E1E49E29C0A9E9000572FF /* WatchlistTabRoute.swift */; };
		88E1E4A029C0A9E9000572FF /* WatchlistTabRoute.swift in Sources */ = {isa = PBXBuildFile; fileRef = 88E1E49E29C0A9E9000572FF /* WatchlistTabRoute.swift */; };
		88E1E4A129C0A9E9000572FF /* WatchlistTabRoute.swift in Sources */ = {isa = PBXBuildFile; fileRef = 88E1E49E29C0A9E9000572FF /* WatchlistTabRoute.swift */; };
		88E1E4AC29C0AE92000572FF /* AssetsTabRoute.swift in Sources */ = {isa = PBXBuildFile; fileRef = 88E1E4AB29C0AE92000572FF /* AssetsTabRoute.swift */; };
		88E1E4AD29C0AE92000572FF /* AssetsTabRoute.swift in Sources */ = {isa = PBXBuildFile; fileRef = 88E1E4AB29C0AE92000572FF /* AssetsTabRoute.swift */; };
		88E1E4AE29C0AE92000572FF /* AssetsTabRoute.swift in Sources */ = {isa = PBXBuildFile; fileRef = 88E1E4AB29C0AE92000572FF /* AssetsTabRoute.swift */; };
		88E1E4B929C0B6AE000572FF /* SettingsViewController.swift in Sources */ = {isa = PBXBuildFile; fileRef = 88E1E4B829C0B6AE000572FF /* SettingsViewController.swift */; };
		88E1E4BA29C0B6AE000572FF /* SettingsViewController.swift in Sources */ = {isa = PBXBuildFile; fileRef = 88E1E4B829C0B6AE000572FF /* SettingsViewController.swift */; };
		88E1E4BB29C0B6AE000572FF /* SettingsViewController.swift in Sources */ = {isa = PBXBuildFile; fileRef = 88E1E4B829C0B6AE000572FF /* SettingsViewController.swift */; };
		88E25E9F29BF7DCE0018C150 /* AppDelegate.swift in Sources */ = {isa = PBXBuildFile; fileRef = 88E25E9E29BF7DCE0018C150 /* AppDelegate.swift */; };
		88E25EA129BF7DCE0018C150 /* SceneDelegate.swift in Sources */ = {isa = PBXBuildFile; fileRef = 88E25EA029BF7DCE0018C150 /* SceneDelegate.swift */; };
		88E25EA829BF7DD00018C150 /* Assets.xcassets in Resources */ = {isa = PBXBuildFile; fileRef = 88E25EA729BF7DD00018C150 /* Assets.xcassets */; };
		88E25EAB29BF7DD00018C150 /* LaunchScreen.storyboard in Resources */ = {isa = PBXBuildFile; fileRef = 88E25EA929BF7DD00018C150 /* LaunchScreen.storyboard */; };
		88E25EB629BF7DD00018C150 /* FlexibleRoutingTests.swift in Sources */ = {isa = PBXBuildFile; fileRef = 88E25EB529BF7DD00018C150 /* FlexibleRoutingTests.swift */; };
		88E25EC129BF7DD00018C150 /* FlexibleRoutingUITests.swift in Sources */ = {isa = PBXBuildFile; fileRef = 88E25EC029BF7DD00018C150 /* FlexibleRoutingUITests.swift */; };
		88E31AF129C2047F00719E0E /* AssetsConfigurator.swift in Sources */ = {isa = PBXBuildFile; fileRef = 88E31AE729C2047F00719E0E /* AssetsConfigurator.swift */; };
		88E31AF229C2047F00719E0E /* AssetsPresenter.swift in Sources */ = {isa = PBXBuildFile; fileRef = 88E31AE829C2047F00719E0E /* AssetsPresenter.swift */; };
		88E31AF329C2047F00719E0E /* Asset.swift in Sources */ = {isa = PBXBuildFile; fileRef = 88E31AEA29C2047F00719E0E /* Asset.swift */; };
		88E31AF429C2047F00719E0E /* AssetsInteractor.swift in Sources */ = {isa = PBXBuildFile; fileRef = 88E31AEB29C2047F00719E0E /* AssetsInteractor.swift */; };
		88E31AF529C2047F00719E0E /* AssetsViewController.swift in Sources */ = {isa = PBXBuildFile; fileRef = 88E31AEC29C2047F00719E0E /* AssetsViewController.swift */; };
		88E31AF629C2047F00719E0E /* AssetsTableView.swift in Sources */ = {isa = PBXBuildFile; fileRef = 88E31AEE29C2047F00719E0E /* AssetsTableView.swift */; };
		88E31AF829C2047F00719E0E /* AssetsTableViewCell.swift in Sources */ = {isa = PBXBuildFile; fileRef = 88E31AF029C2047F00719E0E /* AssetsTableViewCell.swift */; };
		88E31B0029C204CA00719E0E /* IconManager.swift in Sources */ = {isa = PBXBuildFile; fileRef = 88E31AFD29C204CA00719E0E /* IconManager.swift */; };
		88E31B0129C204CA00719E0E /* NetworkManager.swift in Sources */ = {isa = PBXBuildFile; fileRef = 88E31AFE29C204CA00719E0E /* NetworkManager.swift */; };
		88E31B0229C204CA00719E0E /* DatabaseManager.swift in Sources */ = {isa = PBXBuildFile; fileRef = 88E31AFF29C204CA00719E0E /* DatabaseManager.swift */; };
		88E31B1629C2066B00719E0E /* Extenision + UILabel.swift in Sources */ = {isa = PBXBuildFile; fileRef = 88E31B1229C2066B00719E0E /* Extenision + UILabel.swift */; };
		88E31B1829C2066B00719E0E /* Extension + UIViewController.swift in Sources */ = {isa = PBXBuildFile; fileRef = 88E31B1429C2066B00719E0E /* Extension + UIViewController.swift */; };
		88E31B1929C2066B00719E0E /* Extension + UIView.swift in Sources */ = {isa = PBXBuildFile; fileRef = 88E31B1529C2066B00719E0E /* Extension + UIView.swift */; };
		88E31B2829C2073D00719E0E /* ChangePercent24HrLabel.swift in Sources */ = {isa = PBXBuildFile; fileRef = 88E31B2429C2073D00719E0E /* ChangePercent24HrLabel.swift */; };
		88E31B2929C2073D00719E0E /* SearchTextField.swift in Sources */ = {isa = PBXBuildFile; fileRef = 88E31B2529C2073D00719E0E /* SearchTextField.swift */; };
		88E31B2A29C2073D00719E0E /* PaddingLabel.swift in Sources */ = {isa = PBXBuildFile; fileRef = 88E31B2629C2073D00719E0E /* PaddingLabel.swift */; };
		88E31B7D29C21C6100719E0E /* WatchlistViewController.swift in Sources */ = {isa = PBXBuildFile; fileRef = 88E31B7729C21C6100719E0E /* WatchlistViewController.swift */; };
		88E31B7E29C21C6100719E0E /* WatchlistViewController.swift in Sources */ = {isa = PBXBuildFile; fileRef = 88E31B7729C21C6100719E0E /* WatchlistViewController.swift */; };
		88E31B7F29C21C6100719E0E /* WatchlistViewController.swift in Sources */ = {isa = PBXBuildFile; fileRef = 88E31B7729C21C6100719E0E /* WatchlistViewController.swift */; };
		88E31B8029C21C6100719E0E /* WatchlistInteractor.swift in Sources */ = {isa = PBXBuildFile; fileRef = 88E31B7829C21C6100719E0E /* WatchlistInteractor.swift */; };
		88E31B8129C21C6100719E0E /* WatchlistInteractor.swift in Sources */ = {isa = PBXBuildFile; fileRef = 88E31B7829C21C6100719E0E /* WatchlistInteractor.swift */; };
		88E31B8229C21C6100719E0E /* WatchlistInteractor.swift in Sources */ = {isa = PBXBuildFile; fileRef = 88E31B7829C21C6100719E0E /* WatchlistInteractor.swift */; };
		88E31B8329C21C6100719E0E /* WatchlistConfigurator.swift in Sources */ = {isa = PBXBuildFile; fileRef = 88E31B7929C21C6100719E0E /* WatchlistConfigurator.swift */; };
		88E31B8429C21C6100719E0E /* WatchlistConfigurator.swift in Sources */ = {isa = PBXBuildFile; fileRef = 88E31B7929C21C6100719E0E /* WatchlistConfigurator.swift */; };
		88E31B8529C21C6100719E0E /* WatchlistConfigurator.swift in Sources */ = {isa = PBXBuildFile; fileRef = 88E31B7929C21C6100719E0E /* WatchlistConfigurator.swift */; };
		88E31B8629C21C6100719E0E /* WatchList.swift in Sources */ = {isa = PBXBuildFile; fileRef = 88E31B7B29C21C6100719E0E /* WatchList.swift */; };
		88E31B8729C21C6100719E0E /* WatchList.swift in Sources */ = {isa = PBXBuildFile; fileRef = 88E31B7B29C21C6100719E0E /* WatchList.swift */; };
		88E31B8829C21C6100719E0E /* WatchList.swift in Sources */ = {isa = PBXBuildFile; fileRef = 88E31B7B29C21C6100719E0E /* WatchList.swift */; };
		88E31B8929C21C6100719E0E /* WatchlistPresenter.swift in Sources */ = {isa = PBXBuildFile; fileRef = 88E31B7C29C21C6100719E0E /* WatchlistPresenter.swift */; };
		88E31B8A29C21C6100719E0E /* WatchlistPresenter.swift in Sources */ = {isa = PBXBuildFile; fileRef = 88E31B7C29C21C6100719E0E /* WatchlistPresenter.swift */; };
		88E31B8B29C21C6100719E0E /* WatchlistPresenter.swift in Sources */ = {isa = PBXBuildFile; fileRef = 88E31B7C29C21C6100719E0E /* WatchlistPresenter.swift */; };
		88E68C0029C46BB4009F251C /* Service.swift in Sources */ = {isa = PBXBuildFile; fileRef = 88E68BFF29C46BB4009F251C /* Service.swift */; };
		88E68C0629C474D7009F251C /* DataRequest.swift in Sources */ = {isa = PBXBuildFile; fileRef = 88E68C0529C474D7009F251C /* DataRequest.swift */; };
		88E68C0729C474D7009F251C /* DataRequest.swift in Sources */ = {isa = PBXBuildFile; fileRef = 88E68C0529C474D7009F251C /* DataRequest.swift */; };
		88E68C0F29C477F9009F251C /* DefaultNetworkService.swift in Sources */ = {isa = PBXBuildFile; fileRef = 88E68C0E29C477F9009F251C /* DefaultNetworkService.swift */; };
		88E68C1029C477F9009F251C /* DefaultNetworkService.swift in Sources */ = {isa = PBXBuildFile; fileRef = 88E68C0E29C477F9009F251C /* DefaultNetworkService.swift */; };
		88E68C1829C4835B009F251C /* AssetsRequest.swift in Sources */ = {isa = PBXBuildFile; fileRef = 88E68C1729C4835B009F251C /* AssetsRequest.swift */; };
		88E68C1929C4835B009F251C /* AssetsRequest.swift in Sources */ = {isa = PBXBuildFile; fileRef = 88E68C1729C4835B009F251C /* AssetsRequest.swift */; };
		88E68C1E29C495FC009F251C /* AssetListViewModel.swift in Sources */ = {isa = PBXBuildFile; fileRef = 88E68C1D29C495FC009F251C /* AssetListViewModel.swift */; };
		88E68C1F29C495FC009F251C /* AssetListViewModel.swift in Sources */ = {isa = PBXBuildFile; fileRef = 88E68C1D29C495FC009F251C /* AssetListViewModel.swift */; };
		88E68C2429C49E93009F251C /* ImageRequest.swift in Sources */ = {isa = PBXBuildFile; fileRef = 88E68C2329C49E93009F251C /* ImageRequest.swift */; };
		88E68C2529C49E93009F251C /* ImageRequest.swift in Sources */ = {isa = PBXBuildFile; fileRef = 88E68C2329C49E93009F251C /* ImageRequest.swift */; };
		88F01AFF29C3CBE2006EEF57 /* AssetsService.swift in Sources */ = {isa = PBXBuildFile; fileRef = 88F01AFE29C3CBE2006EEF57 /* AssetsService.swift */; };
		88F01B0029C3CBE2006EEF57 /* AssetsService.swift in Sources */ = {isa = PBXBuildFile; fileRef = 88F01AFE29C3CBE2006EEF57 /* AssetsService.swift */; };
		88F01B0129C3CBE2006EEF57 /* AssetsService.swift in Sources */ = {isa = PBXBuildFile; fileRef = 88F01AFE29C3CBE2006EEF57 /* AssetsService.swift */; };
		D5B7293F6D12909093DACEB4 /* Pods_FlexibleRouting_FlexibleRoutingUITests.framework in Frameworks */ = {isa = PBXBuildFile; fileRef = F99E71C0ED0BB474553C17F3 /* Pods_FlexibleRouting_FlexibleRoutingUITests.framework */; };
/* End PBXBuildFile section */

/* Begin PBXContainerItemProxy section */
		88E25EB229BF7DD00018C150 /* PBXContainerItemProxy */ = {
			isa = PBXContainerItemProxy;
			containerPortal = 88E25E9329BF7DCE0018C150 /* Project object */;
			proxyType = 1;
			remoteGlobalIDString = 88E25E9A29BF7DCE0018C150;
			remoteInfo = FlexibleRouting;
		};
		88E25EBD29BF7DD00018C150 /* PBXContainerItemProxy */ = {
			isa = PBXContainerItemProxy;
			containerPortal = 88E25E9329BF7DCE0018C150 /* Project object */;
			proxyType = 1;
			remoteGlobalIDString = 88E25E9A29BF7DCE0018C150;
			remoteInfo = FlexibleRouting;
		};
/* End PBXContainerItemProxy section */

/* Begin PBXFileReference section */
		050B9F064F689F02CF41F6A2 /* Pods-FlexibleRouting-FlexibleRoutingUITests.release.xcconfig */ = {isa = PBXFileReference; includeInIndex = 1; lastKnownFileType = text.xcconfig; name = "Pods-FlexibleRouting-FlexibleRoutingUITests.release.xcconfig"; path = "Target Support Files/Pods-FlexibleRouting-FlexibleRoutingUITests/Pods-FlexibleRouting-FlexibleRoutingUITests.release.xcconfig"; sourceTree = "<group>"; };
		26020BFDD0331E95654BDEE1 /* Pods-FlexibleRouting-FlexibleRoutingUITests.debug.xcconfig */ = {isa = PBXFileReference; includeInIndex = 1; lastKnownFileType = text.xcconfig; name = "Pods-FlexibleRouting-FlexibleRoutingUITests.debug.xcconfig"; path = "Target Support Files/Pods-FlexibleRouting-FlexibleRoutingUITests/Pods-FlexibleRouting-FlexibleRoutingUITests.debug.xcconfig"; sourceTree = "<group>"; };
		881FDEC429C241360057AAB2 /* AssetDetailsPresenter.swift */ = {isa = PBXFileReference; fileEncoding = 4; lastKnownFileType = sourcecode.swift; path = AssetDetailsPresenter.swift; sourceTree = "<group>"; };
		881FDEC529C241360057AAB2 /* AssetDetailsViewController.swift */ = {isa = PBXFileReference; fileEncoding = 4; lastKnownFileType = sourcecode.swift; path = AssetDetailsViewController.swift; sourceTree = "<group>"; };
		881FDEC729C241360057AAB2 /* AssetHistory.swift */ = {isa = PBXFileReference; fileEncoding = 4; lastKnownFileType = sourcecode.swift; path = AssetHistory.swift; sourceTree = "<group>"; };
		881FDEC929C241360057AAB2 /* ChartScrollView.swift */ = {isa = PBXFileReference; fileEncoding = 4; lastKnownFileType = sourcecode.swift; path = ChartScrollView.swift; sourceTree = "<group>"; };
		881FDECA29C241360057AAB2 /* DetailHorizontalStackView.swift */ = {isa = PBXFileReference; fileEncoding = 4; lastKnownFileType = sourcecode.swift; path = DetailHorizontalStackView.swift; sourceTree = "<group>"; };
		881FDECB29C241360057AAB2 /* ChartRenderer.swift */ = {isa = PBXFileReference; fileEncoding = 4; lastKnownFileType = sourcecode.swift; path = ChartRenderer.swift; sourceTree = "<group>"; };
		881FDECC29C241360057AAB2 /* AssetDetailsView.swift */ = {isa = PBXFileReference; fileEncoding = 4; lastKnownFileType = sourcecode.swift; path = AssetDetailsView.swift; sourceTree = "<group>"; };
		881FDECD29C241360057AAB2 /* AssetDetailsConfigurator.swift */ = {isa = PBXFileReference; fileEncoding = 4; lastKnownFileType = sourcecode.swift; path = AssetDetailsConfigurator.swift; sourceTree = "<group>"; };
		881FDECE29C241360057AAB2 /* AssetDetailsInteractor.swift */ = {isa = PBXFileReference; fileEncoding = 4; lastKnownFileType = sourcecode.swift; path = AssetDetailsInteractor.swift; sourceTree = "<group>"; };
		881FDEDB29C2420B0057AAB2 /* AssetDetailsRoute.swift */ = {isa = PBXFileReference; lastKnownFileType = sourcecode.swift; path = AssetDetailsRoute.swift; sourceTree = "<group>"; };
		881FDEE029C242D10057AAB2 /* PushTransition.swift */ = {isa = PBXFileReference; lastKnownFileType = sourcecode.swift; path = PushTransition.swift; sourceTree = "<group>"; };
		881FDEF829C246F40057AAB2 /* AppConstants.swift */ = {isa = PBXFileReference; fileEncoding = 4; lastKnownFileType = sourcecode.swift; path = AppConstants.swift; sourceTree = "<group>"; };
		8885266829C0B873006259E8 /* SettingsTabRoute.swift */ = {isa = PBXFileReference; lastKnownFileType = sourcecode.swift; path = SettingsTabRoute.swift; sourceTree = "<group>"; };
		8885267529C0BD77006259E8 /* Constants.swift */ = {isa = PBXFileReference; lastKnownFileType = sourcecode.swift; path = Constants.swift; sourceTree = "<group>"; };
		88A18C8329BF84D9008015DB /* Routable.swift */ = {isa = PBXFileReference; lastKnownFileType = sourcecode.swift; path = Routable.swift; sourceTree = "<group>"; };
		88A18C8A29BF85C8008015DB /* Transition.swift */ = {isa = PBXFileReference; lastKnownFileType = sourcecode.swift; path = Transition.swift; sourceTree = "<group>"; };
		88A18C9529BF86C2008015DB /* DefaultRouter.swift */ = {isa = PBXFileReference; lastKnownFileType = sourcecode.swift; path = DefaultRouter.swift; sourceTree = "<group>"; };
		88A18CAC29BF9327008015DB /* ModalTransition.swift */ = {isa = PBXFileReference; lastKnownFileType = sourcecode.swift; path = ModalTransition.swift; sourceTree = "<group>"; };
		88DF5F9829C0F78300C47453 /* Extension + String.swift */ = {isa = PBXFileReference; lastKnownFileType = sourcecode.swift; path = "Extension + String.swift"; sourceTree = "<group>"; };
		88DF5FA729C0F9FB00C47453 /* en */ = {isa = PBXFileReference; lastKnownFileType = text.plist.strings; name = en; path = en.lproj/Localizable.strings; sourceTree = "<group>"; };
		88DF5FAC29C0FA5700C47453 /* ru */ = {isa = PBXFileReference; lastKnownFileType = text.plist.strings; name = ru; path = ru.lproj/Localizable.strings; sourceTree = "<group>"; };
		88E1E47F29C08ED0000572FF /* EmptyTransition.swift */ = {isa = PBXFileReference; lastKnownFileType = sourcecode.swift; path = EmptyTransition.swift; sourceTree = "<group>"; };
		88E1E48429C090EA000572FF /* MainTabBarController.swift */ = {isa = PBXFileReference; lastKnownFileType = sourcecode.swift; path = MainTabBarController.swift; sourceTree = "<group>"; };
		88E1E49E29C0A9E9000572FF /* WatchlistTabRoute.swift */ = {isa = PBXFileReference; lastKnownFileType = sourcecode.swift; path = WatchlistTabRoute.swift; sourceTree = "<group>"; };
		88E1E4AB29C0AE92000572FF /* AssetsTabRoute.swift */ = {isa = PBXFileReference; lastKnownFileType = sourcecode.swift; path = AssetsTabRoute.swift; sourceTree = "<group>"; };
		88E1E4B829C0B6AE000572FF /* SettingsViewController.swift */ = {isa = PBXFileReference; lastKnownFileType = sourcecode.swift; path = SettingsViewController.swift; sourceTree = "<group>"; };
		88E25E9B29BF7DCE0018C150 /* FlexibleRouting.app */ = {isa = PBXFileReference; explicitFileType = wrapper.application; includeInIndex = 0; path = FlexibleRouting.app; sourceTree = BUILT_PRODUCTS_DIR; };
		88E25E9E29BF7DCE0018C150 /* AppDelegate.swift */ = {isa = PBXFileReference; lastKnownFileType = sourcecode.swift; path = AppDelegate.swift; sourceTree = "<group>"; };
		88E25EA029BF7DCE0018C150 /* SceneDelegate.swift */ = {isa = PBXFileReference; lastKnownFileType = sourcecode.swift; path = SceneDelegate.swift; sourceTree = "<group>"; };
		88E25EA729BF7DD00018C150 /* Assets.xcassets */ = {isa = PBXFileReference; lastKnownFileType = folder.assetcatalog; path = Assets.xcassets; sourceTree = "<group>"; };
		88E25EAA29BF7DD00018C150 /* Base */ = {isa = PBXFileReference; lastKnownFileType = file.storyboard; name = Base; path = Base.lproj/LaunchScreen.storyboard; sourceTree = "<group>"; };
		88E25EAC29BF7DD00018C150 /* Info.plist */ = {isa = PBXFileReference; lastKnownFileType = text.plist.xml; path = Info.plist; sourceTree = "<group>"; };
		88E25EB129BF7DD00018C150 /* FlexibleRoutingTests.xctest */ = {isa = PBXFileReference; explicitFileType = wrapper.cfbundle; includeInIndex = 0; path = FlexibleRoutingTests.xctest; sourceTree = BUILT_PRODUCTS_DIR; };
		88E25EB529BF7DD00018C150 /* FlexibleRoutingTests.swift */ = {isa = PBXFileReference; lastKnownFileType = sourcecode.swift; path = FlexibleRoutingTests.swift; sourceTree = "<group>"; };
		88E25EB729BF7DD00018C150 /* Info.plist */ = {isa = PBXFileReference; lastKnownFileType = text.plist.xml; path = Info.plist; sourceTree = "<group>"; };
		88E25EBC29BF7DD00018C150 /* FlexibleRoutingUITests.xctest */ = {isa = PBXFileReference; explicitFileType = wrapper.cfbundle; includeInIndex = 0; path = FlexibleRoutingUITests.xctest; sourceTree = BUILT_PRODUCTS_DIR; };
		88E25EC029BF7DD00018C150 /* FlexibleRoutingUITests.swift */ = {isa = PBXFileReference; lastKnownFileType = sourcecode.swift; path = FlexibleRoutingUITests.swift; sourceTree = "<group>"; };
		88E25EC229BF7DD00018C150 /* Info.plist */ = {isa = PBXFileReference; lastKnownFileType = text.plist.xml; path = Info.plist; sourceTree = "<group>"; };
		88E31AE729C2047F00719E0E /* AssetsConfigurator.swift */ = {isa = PBXFileReference; fileEncoding = 4; lastKnownFileType = sourcecode.swift; path = AssetsConfigurator.swift; sourceTree = "<group>"; };
		88E31AE829C2047F00719E0E /* AssetsPresenter.swift */ = {isa = PBXFileReference; fileEncoding = 4; lastKnownFileType = sourcecode.swift; path = AssetsPresenter.swift; sourceTree = "<group>"; };
		88E31AEA29C2047F00719E0E /* Asset.swift */ = {isa = PBXFileReference; fileEncoding = 4; lastKnownFileType = sourcecode.swift; path = Asset.swift; sourceTree = "<group>"; };
		88E31AEB29C2047F00719E0E /* AssetsInteractor.swift */ = {isa = PBXFileReference; fileEncoding = 4; lastKnownFileType = sourcecode.swift; path = AssetsInteractor.swift; sourceTree = "<group>"; };
		88E31AEC29C2047F00719E0E /* AssetsViewController.swift */ = {isa = PBXFileReference; fileEncoding = 4; lastKnownFileType = sourcecode.swift; path = AssetsViewController.swift; sourceTree = "<group>"; };
		88E31AEE29C2047F00719E0E /* AssetsTableView.swift */ = {isa = PBXFileReference; fileEncoding = 4; lastKnownFileType = sourcecode.swift; path = AssetsTableView.swift; sourceTree = "<group>"; };
		88E31AF029C2047F00719E0E /* AssetsTableViewCell.swift */ = {isa = PBXFileReference; fileEncoding = 4; lastKnownFileType = sourcecode.swift; path = AssetsTableViewCell.swift; sourceTree = "<group>"; };
		88E31AFD29C204CA00719E0E /* IconManager.swift */ = {isa = PBXFileReference; fileEncoding = 4; lastKnownFileType = sourcecode.swift; path = IconManager.swift; sourceTree = "<group>"; };
		88E31AFE29C204CA00719E0E /* NetworkManager.swift */ = {isa = PBXFileReference; fileEncoding = 4; lastKnownFileType = sourcecode.swift; path = NetworkManager.swift; sourceTree = "<group>"; };
		88E31AFF29C204CA00719E0E /* DatabaseManager.swift */ = {isa = PBXFileReference; fileEncoding = 4; lastKnownFileType = sourcecode.swift; path = DatabaseManager.swift; sourceTree = "<group>"; };
		88E31B1229C2066B00719E0E /* Extenision + UILabel.swift */ = {isa = PBXFileReference; fileEncoding = 4; lastKnownFileType = sourcecode.swift; path = "Extenision + UILabel.swift"; sourceTree = "<group>"; };
		88E31B1429C2066B00719E0E /* Extension + UIViewController.swift */ = {isa = PBXFileReference; fileEncoding = 4; lastKnownFileType = sourcecode.swift; path = "Extension + UIViewController.swift"; sourceTree = "<group>"; };
		88E31B1529C2066B00719E0E /* Extension + UIView.swift */ = {isa = PBXFileReference; fileEncoding = 4; lastKnownFileType = sourcecode.swift; path = "Extension + UIView.swift"; sourceTree = "<group>"; };
		88E31B2429C2073D00719E0E /* ChangePercent24HrLabel.swift */ = {isa = PBXFileReference; fileEncoding = 4; lastKnownFileType = sourcecode.swift; path = ChangePercent24HrLabel.swift; sourceTree = "<group>"; };
		88E31B2529C2073D00719E0E /* SearchTextField.swift */ = {isa = PBXFileReference; fileEncoding = 4; lastKnownFileType = sourcecode.swift; path = SearchTextField.swift; sourceTree = "<group>"; };
		88E31B2629C2073D00719E0E /* PaddingLabel.swift */ = {isa = PBXFileReference; fileEncoding = 4; lastKnownFileType = sourcecode.swift; path = PaddingLabel.swift; sourceTree = "<group>"; };
		88E31B7729C21C6100719E0E /* WatchlistViewController.swift */ = {isa = PBXFileReference; fileEncoding = 4; lastKnownFileType = sourcecode.swift; path = WatchlistViewController.swift; sourceTree = "<group>"; };
		88E31B7829C21C6100719E0E /* WatchlistInteractor.swift */ = {isa = PBXFileReference; fileEncoding = 4; lastKnownFileType = sourcecode.swift; path = WatchlistInteractor.swift; sourceTree = "<group>"; };
		88E31B7929C21C6100719E0E /* WatchlistConfigurator.swift */ = {isa = PBXFileReference; fileEncoding = 4; lastKnownFileType = sourcecode.swift; path = WatchlistConfigurator.swift; sourceTree = "<group>"; };
		88E31B7B29C21C6100719E0E /* WatchList.swift */ = {isa = PBXFileReference; fileEncoding = 4; lastKnownFileType = sourcecode.swift; path = WatchList.swift; sourceTree = "<group>"; };
		88E31B7C29C21C6100719E0E /* WatchlistPresenter.swift */ = {isa = PBXFileReference; fileEncoding = 4; lastKnownFileType = sourcecode.swift; path = WatchlistPresenter.swift; sourceTree = "<group>"; };
		88E68BFF29C46BB4009F251C /* Service.swift */ = {isa = PBXFileReference; lastKnownFileType = sourcecode.swift; path = Service.swift; sourceTree = "<group>"; };
		88E68C0529C474D7009F251C /* DataRequest.swift */ = {isa = PBXFileReference; lastKnownFileType = sourcecode.swift; path = DataRequest.swift; sourceTree = "<group>"; };
		88E68C0E29C477F9009F251C /* DefaultNetworkService.swift */ = {isa = PBXFileReference; lastKnownFileType = sourcecode.swift; path = DefaultNetworkService.swift; sourceTree = "<group>"; };
		88E68C1729C4835B009F251C /* AssetsRequest.swift */ = {isa = PBXFileReference; lastKnownFileType = sourcecode.swift; path = AssetsRequest.swift; sourceTree = "<group>"; };
		88E68C1D29C495FC009F251C /* AssetListViewModel.swift */ = {isa = PBXFileReference; lastKnownFileType = sourcecode.swift; path = AssetListViewModel.swift; sourceTree = "<group>"; };
		88E68C2329C49E93009F251C /* ImageRequest.swift */ = {isa = PBXFileReference; lastKnownFileType = sourcecode.swift; path = ImageRequest.swift; sourceTree = "<group>"; };
		88F01AFE29C3CBE2006EEF57 /* AssetsService.swift */ = {isa = PBXFileReference; lastKnownFileType = sourcecode.swift; path = AssetsService.swift; sourceTree = "<group>"; };
		89781D4F6833480B377FA305 /* Pods-FlexibleRouting.release.xcconfig */ = {isa = PBXFileReference; includeInIndex = 1; lastKnownFileType = text.xcconfig; name = "Pods-FlexibleRouting.release.xcconfig"; path = "Target Support Files/Pods-FlexibleRouting/Pods-FlexibleRouting.release.xcconfig"; sourceTree = "<group>"; };
		927E06E6354B021FDADC55C7 /* Pods-FlexibleRouting.debug.xcconfig */ = {isa = PBXFileReference; includeInIndex = 1; lastKnownFileType = text.xcconfig; name = "Pods-FlexibleRouting.debug.xcconfig"; path = "Target Support Files/Pods-FlexibleRouting/Pods-FlexibleRouting.debug.xcconfig"; sourceTree = "<group>"; };
		95E7D8BE0D995F76A798E925 /* Pods-FlexibleRoutingTests.release.xcconfig */ = {isa = PBXFileReference; includeInIndex = 1; lastKnownFileType = text.xcconfig; name = "Pods-FlexibleRoutingTests.release.xcconfig"; path = "Target Support Files/Pods-FlexibleRoutingTests/Pods-FlexibleRoutingTests.release.xcconfig"; sourceTree = "<group>"; };
		A87E3BB0571AA08ECF5D10FA /* Pods_FlexibleRoutingTests.framework */ = {isa = PBXFileReference; explicitFileType = wrapper.framework; includeInIndex = 0; path = Pods_FlexibleRoutingTests.framework; sourceTree = BUILT_PRODUCTS_DIR; };
		CDED10FB44D959AC5BB245D1 /* Pods-FlexibleRoutingTests.debug.xcconfig */ = {isa = PBXFileReference; includeInIndex = 1; lastKnownFileType = text.xcconfig; name = "Pods-FlexibleRoutingTests.debug.xcconfig"; path = "Target Support Files/Pods-FlexibleRoutingTests/Pods-FlexibleRoutingTests.debug.xcconfig"; sourceTree = "<group>"; };
		D4B9387823D21BD2D27B9EF6 /* Pods_FlexibleRouting.framework */ = {isa = PBXFileReference; explicitFileType = wrapper.framework; includeInIndex = 0; path = Pods_FlexibleRouting.framework; sourceTree = BUILT_PRODUCTS_DIR; };
		F99E71C0ED0BB474553C17F3 /* Pods_FlexibleRouting_FlexibleRoutingUITests.framework */ = {isa = PBXFileReference; explicitFileType = wrapper.framework; includeInIndex = 0; path = Pods_FlexibleRouting_FlexibleRoutingUITests.framework; sourceTree = BUILT_PRODUCTS_DIR; };
/* End PBXFileReference section */

/* Begin PBXFrameworksBuildPhase section */
		88E25E9829BF7DCE0018C150 /* Frameworks */ = {
			isa = PBXFrameworksBuildPhase;
			buildActionMask = 2147483647;
			files = (
				059541C076CED5191D3E4DFD /* Pods_FlexibleRouting.framework in Frameworks */,
			);
			runOnlyForDeploymentPostprocessing = 0;
		};
		88E25EAE29BF7DD00018C150 /* Frameworks */ = {
			isa = PBXFrameworksBuildPhase;
			buildActionMask = 2147483647;
			files = (
				0803B1243F30F9DBC5384B17 /* Pods_FlexibleRoutingTests.framework in Frameworks */,
			);
			runOnlyForDeploymentPostprocessing = 0;
		};
		88E25EB929BF7DD00018C150 /* Frameworks */ = {
			isa = PBXFrameworksBuildPhase;
			buildActionMask = 2147483647;
			files = (
				D5B7293F6D12909093DACEB4 /* Pods_FlexibleRouting_FlexibleRoutingUITests.framework in Frameworks */,
			);
			runOnlyForDeploymentPostprocessing = 0;
		};
/* End PBXFrameworksBuildPhase section */

/* Begin PBXGroup section */
		1B411DDDE313661E6ED2D522 /* Frameworks */ = {
			isa = PBXGroup;
			children = (
				D4B9387823D21BD2D27B9EF6 /* Pods_FlexibleRouting.framework */,
				F99E71C0ED0BB474553C17F3 /* Pods_FlexibleRouting_FlexibleRoutingUITests.framework */,
				A87E3BB0571AA08ECF5D10FA /* Pods_FlexibleRoutingTests.framework */,
			);
			name = Frameworks;
			sourceTree = "<group>";
		};
		881FDEA829C22D4C0057AAB2 /* Scenes */ = {
			isa = PBXGroup;
			children = (
				881FDEC329C241360057AAB2 /* AssetDetails */,
				88E1E49029C0A9A2000572FF /* Assets */,
				88E1E4C229C0B6B3000572FF /* Settings */,
				88E1E49729C0A9B1000572FF /* Watchlist */,
			);
			path = Scenes;
			sourceTree = "<group>";
		};
		881FDEAF29C22E2F0057AAB2 /* Constants */ = {
			isa = PBXGroup;
			children = (
				881FDEF829C246F40057AAB2 /* AppConstants.swift */,
				8885267529C0BD77006259E8 /* Constants.swift */,
			);
			path = Constants;
			sourceTree = "<group>";
		};
		881FDEBC29C22EF10057AAB2 /* Supporting Files */ = {
			isa = PBXGroup;
			children = (
				88E25EA729BF7DD00018C150 /* Assets.xcassets */,
				88E25EA929BF7DD00018C150 /* LaunchScreen.storyboard */,
			);
			path = "Supporting Files";
			sourceTree = "<group>";
		};
		881FDEC329C241360057AAB2 /* AssetDetails */ = {
			isa = PBXGroup;
			children = (
				881FDEC829C241360057AAB2 /* CustomViews */,
				881FDEC629C241360057AAB2 /* Models */,
				881FDEC429C241360057AAB2 /* AssetDetailsPresenter.swift */,
				881FDEC529C241360057AAB2 /* AssetDetailsViewController.swift */,
				881FDECD29C241360057AAB2 /* AssetDetailsConfigurator.swift */,
				881FDECE29C241360057AAB2 /* AssetDetailsInteractor.swift */,
				881FDEDB29C2420B0057AAB2 /* AssetDetailsRoute.swift */,
			);
			path = AssetDetails;
			sourceTree = "<group>";
		};
		881FDEC629C241360057AAB2 /* Models */ = {
			isa = PBXGroup;
			children = (
				881FDEC729C241360057AAB2 /* AssetHistory.swift */,
			);
			path = Models;
			sourceTree = "<group>";
		};
		881FDEC829C241360057AAB2 /* CustomViews */ = {
			isa = PBXGroup;
			children = (
				881FDEC929C241360057AAB2 /* ChartScrollView.swift */,
				881FDECA29C241360057AAB2 /* DetailHorizontalStackView.swift */,
				881FDECB29C241360057AAB2 /* ChartRenderer.swift */,
				881FDECC29C241360057AAB2 /* AssetDetailsView.swift */,
			);
			path = CustomViews;
			sourceTree = "<group>";
		};
		88A18C9129BF866E008015DB /* Routing */ = {
			isa = PBXGroup;
			children = (
				88A18C9529BF86C2008015DB /* DefaultRouter.swift */,
				88A18C8329BF84D9008015DB /* Routable.swift */,
				88E1E47829C08EB8000572FF /* Transitions */,
			);
			path = Routing;
			sourceTree = "<group>";
		};
		88E1E47829C08EB8000572FF /* Transitions */ = {
			isa = PBXGroup;
			children = (
				88A18C8A29BF85C8008015DB /* Transition.swift */,
				88A18CAC29BF9327008015DB /* ModalTransition.swift */,
				88E1E47F29C08ED0000572FF /* EmptyTransition.swift */,
				881FDEE029C242D10057AAB2 /* PushTransition.swift */,
			);
			path = Transitions;
			sourceTree = "<group>";
		};
		88E1E49029C0A9A2000572FF /* Assets */ = {
			isa = PBXGroup;
			children = (
				88E31AE929C2047F00719E0E /* Models */,
				88E31AED29C2047F00719E0E /* Customviews */,
				88E31AE729C2047F00719E0E /* AssetsConfigurator.swift */,
				88E31AE829C2047F00719E0E /* AssetsPresenter.swift */,
				88E31AEB29C2047F00719E0E /* AssetsInteractor.swift */,
				88E31AEC29C2047F00719E0E /* AssetsViewController.swift */,
				88E1E4AB29C0AE92000572FF /* AssetsTabRoute.swift */,
			);
			path = Assets;
			sourceTree = "<group>";
		};
		88E1E49729C0A9B1000572FF /* Watchlist */ = {
			isa = PBXGroup;
			children = (
				88E31B7729C21C6100719E0E /* WatchlistViewController.swift */,
				88E31B7829C21C6100719E0E /* WatchlistInteractor.swift */,
				88E31B7929C21C6100719E0E /* WatchlistConfigurator.swift */,
				88E31B7A29C21C6100719E0E /* Models */,
				88E31B7C29C21C6100719E0E /* WatchlistPresenter.swift */,
				88E1E49E29C0A9E9000572FF /* WatchlistTabRoute.swift */,
			);
			path = Watchlist;
			sourceTree = "<group>";
		};
		88E1E4C229C0B6B3000572FF /* Settings */ = {
			isa = PBXGroup;
			children = (
				88E1E4B829C0B6AE000572FF /* SettingsViewController.swift */,
				8885266829C0B873006259E8 /* SettingsTabRoute.swift */,
			);
			path = Settings;
			sourceTree = "<group>";
		};
		88E25E9229BF7DCE0018C150 = {
			isa = PBXGroup;
			children = (
				88E25E9D29BF7DCE0018C150 /* FlexibleRouting */,
				88E25EB429BF7DD00018C150 /* FlexibleRoutingTests */,
				88E25EBF29BF7DD00018C150 /* FlexibleRoutingUITests */,
				88E25E9C29BF7DCE0018C150 /* Products */,
				E279DEA089106F37E41A960C /* Pods */,
				1B411DDDE313661E6ED2D522 /* Frameworks */,
			);
			sourceTree = "<group>";
		};
		88E25E9C29BF7DCE0018C150 /* Products */ = {
			isa = PBXGroup;
			children = (
				88E25E9B29BF7DCE0018C150 /* FlexibleRouting.app */,
				88E25EB129BF7DD00018C150 /* FlexibleRoutingTests.xctest */,
				88E25EBC29BF7DD00018C150 /* FlexibleRoutingUITests.xctest */,
			);
			name = Products;
			sourceTree = "<group>";
		};
		88E25E9D29BF7DCE0018C150 /* FlexibleRouting */ = {
			isa = PBXGroup;
			children = (
				88E68C0429C474B3009F251C /* Networking */,
				881FDEAF29C22E2F0057AAB2 /* Constants */,
				88E31B2029C2073D00719E0E /* CustomViews */,
				88E31B1129C2066B00719E0E /* Extensions */,
				88E31AFC29C204CA00719E0E /* Managers */,
				88A18C9129BF866E008015DB /* Routing */,
				881FDEA829C22D4C0057AAB2 /* Scenes */,
				881FDEBC29C22EF10057AAB2 /* Supporting Files */,
				88E25E9E29BF7DCE0018C150 /* AppDelegate.swift */,
				88E25EA029BF7DCE0018C150 /* SceneDelegate.swift */,
				88E1E48429C090EA000572FF /* MainTabBarController.swift */,
				88E25EAC29BF7DD00018C150 /* Info.plist */,
				88DF5FA829C0F9FB00C47453 /* Localizable.strings */,
				88F01AFE29C3CBE2006EEF57 /* AssetsService.swift */,
				88E68BFF29C46BB4009F251C /* Service.swift */,
			);
			path = FlexibleRouting;
			sourceTree = "<group>";
		};
		88E25EB429BF7DD00018C150 /* FlexibleRoutingTests */ = {
			isa = PBXGroup;
			children = (
				88E25EB529BF7DD00018C150 /* FlexibleRoutingTests.swift */,
				88E25EB729BF7DD00018C150 /* Info.plist */,
			);
			path = FlexibleRoutingTests;
			sourceTree = "<group>";
		};
		88E25EBF29BF7DD00018C150 /* FlexibleRoutingUITests */ = {
			isa = PBXGroup;
			children = (
				88E25EC029BF7DD00018C150 /* FlexibleRoutingUITests.swift */,
				88E25EC229BF7DD00018C150 /* Info.plist */,
			);
			path = FlexibleRoutingUITests;
			sourceTree = "<group>";
		};
		88E31AE929C2047F00719E0E /* Models */ = {
			isa = PBXGroup;
			children = (
				88E31AEA29C2047F00719E0E /* Asset.swift */,
				88E68C1D29C495FC009F251C /* AssetListViewModel.swift */,
			);
			path = Models;
			sourceTree = "<group>";
		};
		88E31AED29C2047F00719E0E /* Customviews */ = {
			isa = PBXGroup;
			children = (
				88E31AEE29C2047F00719E0E /* AssetsTableView.swift */,
				88E31AF029C2047F00719E0E /* AssetsTableViewCell.swift */,
			);
			path = Customviews;
			sourceTree = "<group>";
		};
		88E31AFC29C204CA00719E0E /* Managers */ = {
			isa = PBXGroup;
			children = (
				88E31AFD29C204CA00719E0E /* IconManager.swift */,
				88E31AFE29C204CA00719E0E /* NetworkManager.swift */,
				88E31AFF29C204CA00719E0E /* DatabaseManager.swift */,
			);
			path = Managers;
			sourceTree = "<group>";
		};
		88E31B1129C2066B00719E0E /* Extensions */ = {
			isa = PBXGroup;
			children = (
				88DF5F9829C0F78300C47453 /* Extension + String.swift */,
				88E31B1229C2066B00719E0E /* Extenision + UILabel.swift */,
				88E31B1429C2066B00719E0E /* Extension + UIViewController.swift */,
				88E31B1529C2066B00719E0E /* Extension + UIView.swift */,
			);
			path = Extensions;
			sourceTree = "<group>";
		};
		88E31B2029C2073D00719E0E /* CustomViews */ = {
			isa = PBXGroup;
			children = (
				88E31B2429C2073D00719E0E /* ChangePercent24HrLabel.swift */,
				88E31B2529C2073D00719E0E /* SearchTextField.swift */,
				88E31B2629C2073D00719E0E /* PaddingLabel.swift */,
			);
			path = CustomViews;
			sourceTree = "<group>";
		};
		88E31B7A29C21C6100719E0E /* Models */ = {
			isa = PBXGroup;
			children = (
				88E31B7B29C21C6100719E0E /* WatchList.swift */,
			);
			path = Models;
			sourceTree = "<group>";
		};
		88E68C0429C474B3009F251C /* Networking */ = {
			isa = PBXGroup;
			children = (
				88E68C0529C474D7009F251C /* DataRequest.swift */,
				88E68C0E29C477F9009F251C /* DefaultNetworkService.swift */,
				88E68C1729C4835B009F251C /* AssetsRequest.swift */,
				88E68C2329C49E93009F251C /* ImageRequest.swift */,
			);
			path = Networking;
			sourceTree = "<group>";
		};
		E279DEA089106F37E41A960C /* Pods */ = {
			isa = PBXGroup;
			children = (
				927E06E6354B021FDADC55C7 /* Pods-FlexibleRouting.debug.xcconfig */,
				89781D4F6833480B377FA305 /* Pods-FlexibleRouting.release.xcconfig */,
				26020BFDD0331E95654BDEE1 /* Pods-FlexibleRouting-FlexibleRoutingUITests.debug.xcconfig */,
				050B9F064F689F02CF41F6A2 /* Pods-FlexibleRouting-FlexibleRoutingUITests.release.xcconfig */,
				CDED10FB44D959AC5BB245D1 /* Pods-FlexibleRoutingTests.debug.xcconfig */,
				95E7D8BE0D995F76A798E925 /* Pods-FlexibleRoutingTests.release.xcconfig */,
			);
			path = Pods;
			sourceTree = "<group>";
		};
/* End PBXGroup section */

/* Begin PBXNativeTarget section */
		88E25E9A29BF7DCE0018C150 /* FlexibleRouting */ = {
			isa = PBXNativeTarget;
			buildConfigurationList = 88E25EC529BF7DD00018C150 /* Build configuration list for PBXNativeTarget "FlexibleRouting" */;
			buildPhases = (
				A46C730CC250A80F2D4904F6 /* [CP] Check Pods Manifest.lock */,
				88E25E9729BF7DCE0018C150 /* Sources */,
				88E25E9829BF7DCE0018C150 /* Frameworks */,
				88E25E9929BF7DCE0018C150 /* Resources */,
				C29B8BFA84A9082EFED8D057 /* [CP] Embed Pods Frameworks */,
			);
			buildRules = (
			);
			dependencies = (
			);
			name = FlexibleRouting;
			productName = FlexibleRouting;
			productReference = 88E25E9B29BF7DCE0018C150 /* FlexibleRouting.app */;
			productType = "com.apple.product-type.application";
		};
		88E25EB029BF7DD00018C150 /* FlexibleRoutingTests */ = {
			isa = PBXNativeTarget;
			buildConfigurationList = 88E25EC829BF7DD00018C150 /* Build configuration list for PBXNativeTarget "FlexibleRoutingTests" */;
			buildPhases = (
				D51103370D0ED11C5A81D05B /* [CP] Check Pods Manifest.lock */,
				88E25EAD29BF7DD00018C150 /* Sources */,
				88E25EAE29BF7DD00018C150 /* Frameworks */,
				88E25EAF29BF7DD00018C150 /* Resources */,
			);
			buildRules = (
			);
			dependencies = (
				88E25EB329BF7DD00018C150 /* PBXTargetDependency */,
			);
			name = FlexibleRoutingTests;
			productName = FlexibleRoutingTests;
			productReference = 88E25EB129BF7DD00018C150 /* FlexibleRoutingTests.xctest */;
			productType = "com.apple.product-type.bundle.unit-test";
		};
		88E25EBB29BF7DD00018C150 /* FlexibleRoutingUITests */ = {
			isa = PBXNativeTarget;
			buildConfigurationList = 88E25ECB29BF7DD00018C150 /* Build configuration list for PBXNativeTarget "FlexibleRoutingUITests" */;
			buildPhases = (
				0A4EBB986BFEE6DCE0EDCC8E /* [CP] Check Pods Manifest.lock */,
				88E25EB829BF7DD00018C150 /* Sources */,
				88E25EB929BF7DD00018C150 /* Frameworks */,
				88E25EBA29BF7DD00018C150 /* Resources */,
				3F70A2CD7D9D1458B6A99E21 /* [CP] Embed Pods Frameworks */,
			);
			buildRules = (
			);
			dependencies = (
				88E25EBE29BF7DD00018C150 /* PBXTargetDependency */,
			);
			name = FlexibleRoutingUITests;
			productName = FlexibleRoutingUITests;
			productReference = 88E25EBC29BF7DD00018C150 /* FlexibleRoutingUITests.xctest */;
			productType = "com.apple.product-type.bundle.ui-testing";
		};
/* End PBXNativeTarget section */

/* Begin PBXProject section */
		88E25E9329BF7DCE0018C150 /* Project object */ = {
			isa = PBXProject;
			attributes = {
				LastSwiftUpdateCheck = 1240;
				LastUpgradeCheck = 1240;
				TargetAttributes = {
					88E25E9A29BF7DCE0018C150 = {
						CreatedOnToolsVersion = 12.4;
					};
					88E25EB029BF7DD00018C150 = {
						CreatedOnToolsVersion = 12.4;
						TestTargetID = 88E25E9A29BF7DCE0018C150;
					};
					88E25EBB29BF7DD00018C150 = {
						CreatedOnToolsVersion = 12.4;
						TestTargetID = 88E25E9A29BF7DCE0018C150;
					};
				};
			};
			buildConfigurationList = 88E25E9629BF7DCE0018C150 /* Build configuration list for PBXProject "FlexibleRouting" */;
			compatibilityVersion = "Xcode 9.3";
			developmentRegion = en;
			hasScannedForEncodings = 0;
			knownRegions = (
				en,
				Base,
				ru,
			);
			mainGroup = 88E25E9229BF7DCE0018C150;
			productRefGroup = 88E25E9C29BF7DCE0018C150 /* Products */;
			projectDirPath = "";
			projectRoot = "";
			targets = (
				88E25E9A29BF7DCE0018C150 /* FlexibleRouting */,
				88E25EB029BF7DD00018C150 /* FlexibleRoutingTests */,
				88E25EBB29BF7DD00018C150 /* FlexibleRoutingUITests */,
			);
		};
/* End PBXProject section */

/* Begin PBXResourcesBuildPhase section */
		88E25E9929BF7DCE0018C150 /* Resources */ = {
			isa = PBXResourcesBuildPhase;
			buildActionMask = 2147483647;
			files = (
				88E25EAB29BF7DD00018C150 /* LaunchScreen.storyboard in Resources */,
				88DF5FA629C0F9FB00C47453 /* Localizable.strings in Resources */,
				88E25EA829BF7DD00018C150 /* Assets.xcassets in Resources */,
			);
			runOnlyForDeploymentPostprocessing = 0;
		};
		88E25EAF29BF7DD00018C150 /* Resources */ = {
			isa = PBXResourcesBuildPhase;
			buildActionMask = 2147483647;
			files = (
			);
			runOnlyForDeploymentPostprocessing = 0;
		};
		88E25EBA29BF7DD00018C150 /* Resources */ = {
			isa = PBXResourcesBuildPhase;
			buildActionMask = 2147483647;
			files = (
			);
			runOnlyForDeploymentPostprocessing = 0;
		};
/* End PBXResourcesBuildPhase section */

/* Begin PBXShellScriptBuildPhase section */
		0A4EBB986BFEE6DCE0EDCC8E /* [CP] Check Pods Manifest.lock */ = {
			isa = PBXShellScriptBuildPhase;
			buildActionMask = 2147483647;
			files = (
			);
			inputFileListPaths = (
			);
			inputPaths = (
				"${PODS_PODFILE_DIR_PATH}/Podfile.lock",
				"${PODS_ROOT}/Manifest.lock",
			);
			name = "[CP] Check Pods Manifest.lock";
			outputFileListPaths = (
			);
			outputPaths = (
				"$(DERIVED_FILE_DIR)/Pods-FlexibleRouting-FlexibleRoutingUITests-checkManifestLockResult.txt",
			);
			runOnlyForDeploymentPostprocessing = 0;
			shellPath = /bin/sh;
			shellScript = "diff \"${PODS_PODFILE_DIR_PATH}/Podfile.lock\" \"${PODS_ROOT}/Manifest.lock\" > /dev/null\nif [ $? != 0 ] ; then\n    # print error to STDERR\n    echo \"error: The sandbox is not in sync with the Podfile.lock. Run 'pod install' or update your CocoaPods installation.\" >&2\n    exit 1\nfi\n# This output is used by Xcode 'outputs' to avoid re-running this script phase.\necho \"SUCCESS\" > \"${SCRIPT_OUTPUT_FILE_0}\"\n";
			showEnvVarsInLog = 0;
		};
		3F70A2CD7D9D1458B6A99E21 /* [CP] Embed Pods Frameworks */ = {
			isa = PBXShellScriptBuildPhase;
			buildActionMask = 2147483647;
			files = (
			);
			inputFileListPaths = (
				"${PODS_ROOT}/Target Support Files/Pods-FlexibleRouting-FlexibleRoutingUITests/Pods-FlexibleRouting-FlexibleRoutingUITests-frameworks-${CONFIGURATION}-input-files.xcfilelist",
			);
			name = "[CP] Embed Pods Frameworks";
			outputFileListPaths = (
				"${PODS_ROOT}/Target Support Files/Pods-FlexibleRouting-FlexibleRoutingUITests/Pods-FlexibleRouting-FlexibleRoutingUITests-frameworks-${CONFIGURATION}-output-files.xcfilelist",
			);
			runOnlyForDeploymentPostprocessing = 0;
			shellPath = /bin/sh;
			shellScript = "\"${PODS_ROOT}/Target Support Files/Pods-FlexibleRouting-FlexibleRoutingUITests/Pods-FlexibleRouting-FlexibleRoutingUITests-frameworks.sh\"\n";
			showEnvVarsInLog = 0;
		};
		A46C730CC250A80F2D4904F6 /* [CP] Check Pods Manifest.lock */ = {
			isa = PBXShellScriptBuildPhase;
			buildActionMask = 2147483647;
			files = (
			);
			inputFileListPaths = (
			);
			inputPaths = (
				"${PODS_PODFILE_DIR_PATH}/Podfile.lock",
				"${PODS_ROOT}/Manifest.lock",
			);
			name = "[CP] Check Pods Manifest.lock";
			outputFileListPaths = (
			);
			outputPaths = (
				"$(DERIVED_FILE_DIR)/Pods-FlexibleRouting-checkManifestLockResult.txt",
			);
			runOnlyForDeploymentPostprocessing = 0;
			shellPath = /bin/sh;
			shellScript = "diff \"${PODS_PODFILE_DIR_PATH}/Podfile.lock\" \"${PODS_ROOT}/Manifest.lock\" > /dev/null\nif [ $? != 0 ] ; then\n    # print error to STDERR\n    echo \"error: The sandbox is not in sync with the Podfile.lock. Run 'pod install' or update your CocoaPods installation.\" >&2\n    exit 1\nfi\n# This output is used by Xcode 'outputs' to avoid re-running this script phase.\necho \"SUCCESS\" > \"${SCRIPT_OUTPUT_FILE_0}\"\n";
			showEnvVarsInLog = 0;
		};
		C29B8BFA84A9082EFED8D057 /* [CP] Embed Pods Frameworks */ = {
			isa = PBXShellScriptBuildPhase;
			buildActionMask = 2147483647;
			files = (
			);
			inputFileListPaths = (
				"${PODS_ROOT}/Target Support Files/Pods-FlexibleRouting/Pods-FlexibleRouting-frameworks-${CONFIGURATION}-input-files.xcfilelist",
			);
			name = "[CP] Embed Pods Frameworks";
			outputFileListPaths = (
				"${PODS_ROOT}/Target Support Files/Pods-FlexibleRouting/Pods-FlexibleRouting-frameworks-${CONFIGURATION}-output-files.xcfilelist",
			);
			runOnlyForDeploymentPostprocessing = 0;
			shellPath = /bin/sh;
			shellScript = "\"${PODS_ROOT}/Target Support Files/Pods-FlexibleRouting/Pods-FlexibleRouting-frameworks.sh\"\n";
			showEnvVarsInLog = 0;
		};
		D51103370D0ED11C5A81D05B /* [CP] Check Pods Manifest.lock */ = {
			isa = PBXShellScriptBuildPhase;
			buildActionMask = 2147483647;
			files = (
			);
			inputFileListPaths = (
			);
			inputPaths = (
				"${PODS_PODFILE_DIR_PATH}/Podfile.lock",
				"${PODS_ROOT}/Manifest.lock",
			);
			name = "[CP] Check Pods Manifest.lock";
			outputFileListPaths = (
			);
			outputPaths = (
				"$(DERIVED_FILE_DIR)/Pods-FlexibleRoutingTests-checkManifestLockResult.txt",
			);
			runOnlyForDeploymentPostprocessing = 0;
			shellPath = /bin/sh;
			shellScript = "diff \"${PODS_PODFILE_DIR_PATH}/Podfile.lock\" \"${PODS_ROOT}/Manifest.lock\" > /dev/null\nif [ $? != 0 ] ; then\n    # print error to STDERR\n    echo \"error: The sandbox is not in sync with the Podfile.lock. Run 'pod install' or update your CocoaPods installation.\" >&2\n    exit 1\nfi\n# This output is used by Xcode 'outputs' to avoid re-running this script phase.\necho \"SUCCESS\" > \"${SCRIPT_OUTPUT_FILE_0}\"\n";
			showEnvVarsInLog = 0;
		};
/* End PBXShellScriptBuildPhase section */

/* Begin PBXSourcesBuildPhase section */
		88E25E9729BF7DCE0018C150 /* Sources */ = {
			isa = PBXSourcesBuildPhase;
			buildActionMask = 2147483647;
			files = (
				88E31B8329C21C6100719E0E /* WatchlistConfigurator.swift in Sources */,
				88E31B8029C21C6100719E0E /* WatchlistInteractor.swift in Sources */,
				88A18CAD29BF9327008015DB /* ModalTransition.swift in Sources */,
				88A18C8B29BF85C8008015DB /* Transition.swift in Sources */,
				88E31AF829C2047F00719E0E /* AssetsTableViewCell.swift in Sources */,
				881FDEDC29C2420B0057AAB2 /* AssetDetailsRoute.swift in Sources */,
				881FDED129C241360057AAB2 /* AssetHistory.swift in Sources */,
				88E31B8629C21C6100719E0E /* WatchList.swift in Sources */,
				88E31AF629C2047F00719E0E /* AssetsTableView.swift in Sources */,
				88E31B1629C2066B00719E0E /* Extenision + UILabel.swift in Sources */,
				881FDED629C241360057AAB2 /* AssetDetailsConfigurator.swift in Sources */,
				88DF5F9929C0F78300C47453 /* Extension + String.swift in Sources */,
				88E31B7D29C21C6100719E0E /* WatchlistViewController.swift in Sources */,
				88E1E48529C090EA000572FF /* MainTabBarController.swift in Sources */,
				88E31B0029C204CA00719E0E /* IconManager.swift in Sources */,
				88E68C1E29C495FC009F251C /* AssetListViewModel.swift in Sources */,
				881FDECF29C241360057AAB2 /* AssetDetailsPresenter.swift in Sources */,
				88E1E48029C08ED0000572FF /* EmptyTransition.swift in Sources */,
				881FDED729C241360057AAB2 /* AssetDetailsInteractor.swift in Sources */,
				88F01AFF29C3CBE2006EEF57 /* AssetsService.swift in Sources */,
				88E31AF229C2047F00719E0E /* AssetsPresenter.swift in Sources */,
				881FDED229C241360057AAB2 /* ChartScrollView.swift in Sources */,
				8885266929C0B873006259E8 /* SettingsTabRoute.swift in Sources */,
				88E68C0F29C477F9009F251C /* DefaultNetworkService.swift in Sources */,
				88E31AF429C2047F00719E0E /* AssetsInteractor.swift in Sources */,
				88E68C2429C49E93009F251C /* ImageRequest.swift in Sources */,
				88E31B1829C2066B00719E0E /* Extension + UIViewController.swift in Sources */,
				88E31B2829C2073D00719E0E /* ChangePercent24HrLabel.swift in Sources */,
				881FDEF929C246F40057AAB2 /* AppConstants.swift in Sources */,
				8885267629C0BD77006259E8 /* Constants.swift in Sources */,
				88E31AF329C2047F00719E0E /* Asset.swift in Sources */,
				881FDED429C241360057AAB2 /* ChartRenderer.swift in Sources */,
				88E1E49F29C0A9E9000572FF /* WatchlistTabRoute.swift in Sources */,
				88E25E9F29BF7DCE0018C150 /* AppDelegate.swift in Sources */,
				88E31B0129C204CA00719E0E /* NetworkManager.swift in Sources */,
				88E31B2A29C2073D00719E0E /* PaddingLabel.swift in Sources */,
				88E31B8929C21C6100719E0E /* WatchlistPresenter.swift in Sources */,
				88E25EA129BF7DCE0018C150 /* SceneDelegate.swift in Sources */,
				88E31B2929C2073D00719E0E /* SearchTextField.swift in Sources */,
				88E31B1929C2066B00719E0E /* Extension + UIView.swift in Sources */,
				881FDED529C241360057AAB2 /* AssetDetailsView.swift in Sources */,
				88A18C9629BF86C2008015DB /* DefaultRouter.swift in Sources */,
				881FDED329C241360057AAB2 /* DetailHorizontalStackView.swift in Sources */,
				88E1E4B929C0B6AE000572FF /* SettingsViewController.swift in Sources */,
				88E68C1829C4835B009F251C /* AssetsRequest.swift in Sources */,
				88E68C0629C474D7009F251C /* DataRequest.swift in Sources */,
				88E31AF129C2047F00719E0E /* AssetsConfigurator.swift in Sources */,
				881FDEE129C242D10057AAB2 /* PushTransition.swift in Sources */,
				88E68C0029C46BB4009F251C /* Service.swift in Sources */,
				881FDED029C241360057AAB2 /* AssetDetailsViewController.swift in Sources */,
				88E1E4AC29C0AE92000572FF /* AssetsTabRoute.swift in Sources */,
				88A18C8429BF84D9008015DB /* Routable.swift in Sources */,
				88E31AF529C2047F00719E0E /* AssetsViewController.swift in Sources */,
				88E31B0229C204CA00719E0E /* DatabaseManager.swift in Sources */,
			);
			runOnlyForDeploymentPostprocessing = 0;
		};
		88E25EAD29BF7DD00018C150 /* Sources */ = {
			isa = PBXSourcesBuildPhase;
			buildActionMask = 2147483647;
			files = (
				88A18CAE29BF9327008015DB /* ModalTransition.swift in Sources */,
				88E1E4A029C0A9E9000572FF /* WatchlistTabRoute.swift in Sources */,
				88A18C9729BF86C2008015DB /* DefaultRouter.swift in Sources */,
				88E31B8129C21C6100719E0E /* WatchlistInteractor.swift in Sources */,
				88E31B8A29C21C6100719E0E /* WatchlistPresenter.swift in Sources */,
				88E31B8429C21C6100719E0E /* WatchlistConfigurator.swift in Sources */,
				88E68C0729C474D7009F251C /* DataRequest.swift in Sources */,
				88E68C2529C49E93009F251C /* ImageRequest.swift in Sources */,
				88E1E4AD29C0AE92000572FF /* AssetsTabRoute.swift in Sources */,
				88E68C1929C4835B009F251C /* AssetsRequest.swift in Sources */,
				88A18C8C29BF85C8008015DB /* Transition.swift in Sources */,
				88E31B7E29C21C6100719E0E /* WatchlistViewController.swift in Sources */,
				88E68C1029C477F9009F251C /* DefaultNetworkService.swift in Sources */,
				88E25EB629BF7DD00018C150 /* FlexibleRoutingTests.swift in Sources */,
				88E68C1F29C495FC009F251C /* AssetListViewModel.swift in Sources */,
				88E31B8729C21C6100719E0E /* WatchList.swift in Sources */,
				88A18C8529BF84D9008015DB /* Routable.swift in Sources */,
				88F01B0029C3CBE2006EEF57 /* AssetsService.swift in Sources */,
				88E1E4BA29C0B6AE000572FF /* SettingsViewController.swift in Sources */,
			);
			runOnlyForDeploymentPostprocessing = 0;
		};
		88E25EB829BF7DD00018C150 /* Sources */ = {
			isa = PBXSourcesBuildPhase;
			buildActionMask = 2147483647;
			files = (
				88A18CAF29BF9327008015DB /* ModalTransition.swift in Sources */,
				88E1E4A129C0A9E9000572FF /* WatchlistTabRoute.swift in Sources */,
				88A18C9829BF86C2008015DB /* DefaultRouter.swift in Sources */,
				88E31B8229C21C6100719E0E /* WatchlistInteractor.swift in Sources */,
				88E31B8B29C21C6100719E0E /* WatchlistPresenter.swift in Sources */,
				88E31B8529C21C6100719E0E /* WatchlistConfigurator.swift in Sources */,
				88E1E4AE29C0AE92000572FF /* AssetsTabRoute.swift in Sources */,
				88A18C8D29BF85C8008015DB /* Transition.swift in Sources */,
				88E31B7F29C21C6100719E0E /* WatchlistViewController.swift in Sources */,
				88E25EC129BF7DD00018C150 /* FlexibleRoutingUITests.swift in Sources */,
				88E31B8829C21C6100719E0E /* WatchList.swift in Sources */,
				88A18C8629BF84D9008015DB /* Routable.swift in Sources */,
				88F01B0129C3CBE2006EEF57 /* AssetsService.swift in Sources */,
				88E1E4BB29C0B6AE000572FF /* SettingsViewController.swift in Sources */,
			);
			runOnlyForDeploymentPostprocessing = 0;
		};
/* End PBXSourcesBuildPhase section */

/* Begin PBXTargetDependency section */
		88E25EB329BF7DD00018C150 /* PBXTargetDependency */ = {
			isa = PBXTargetDependency;
			target = 88E25E9A29BF7DCE0018C150 /* FlexibleRouting */;
			targetProxy = 88E25EB229BF7DD00018C150 /* PBXContainerItemProxy */;
		};
		88E25EBE29BF7DD00018C150 /* PBXTargetDependency */ = {
			isa = PBXTargetDependency;
			target = 88E25E9A29BF7DCE0018C150 /* FlexibleRouting */;
			targetProxy = 88E25EBD29BF7DD00018C150 /* PBXContainerItemProxy */;
		};
/* End PBXTargetDependency section */

/* Begin PBXVariantGroup section */
		88DF5FA829C0F9FB00C47453 /* Localizable.strings */ = {
			isa = PBXVariantGroup;
			children = (
				88DF5FA729C0F9FB00C47453 /* en */,
				88DF5FAC29C0FA5700C47453 /* ru */,
			);
			name = Localizable.strings;
			sourceTree = "<group>";
		};
		88E25EA929BF7DD00018C150 /* LaunchScreen.storyboard */ = {
			isa = PBXVariantGroup;
			children = (
				88E25EAA29BF7DD00018C150 /* Base */,
			);
			name = LaunchScreen.storyboard;
			sourceTree = "<group>";
		};
/* End PBXVariantGroup section */

/* Begin XCBuildConfiguration section */
		88E25EC329BF7DD00018C150 /* Debug */ = {
			isa = XCBuildConfiguration;
			buildSettings = {
				ALWAYS_SEARCH_USER_PATHS = NO;
				CLANG_ANALYZER_LOCALIZABILITY_NONLOCALIZED = YES;
				CLANG_ANALYZER_NONNULL = YES;
				CLANG_ANALYZER_NUMBER_OBJECT_CONVERSION = YES_AGGRESSIVE;
				CLANG_CXX_LANGUAGE_STANDARD = "gnu++14";
				CLANG_CXX_LIBRARY = "libc++";
				CLANG_ENABLE_MODULES = YES;
				CLANG_ENABLE_OBJC_ARC = YES;
				CLANG_ENABLE_OBJC_WEAK = YES;
				CLANG_WARN_BLOCK_CAPTURE_AUTORELEASING = YES;
				CLANG_WARN_BOOL_CONVERSION = YES;
				CLANG_WARN_COMMA = YES;
				CLANG_WARN_CONSTANT_CONVERSION = YES;
				CLANG_WARN_DEPRECATED_OBJC_IMPLEMENTATIONS = YES;
				CLANG_WARN_DIRECT_OBJC_ISA_USAGE = YES_ERROR;
				CLANG_WARN_DOCUMENTATION_COMMENTS = YES;
				CLANG_WARN_EMPTY_BODY = YES;
				CLANG_WARN_ENUM_CONVERSION = YES;
				CLANG_WARN_INFINITE_RECURSION = YES;
				CLANG_WARN_INT_CONVERSION = YES;
				CLANG_WARN_NON_LITERAL_NULL_CONVERSION = YES;
				CLANG_WARN_OBJC_IMPLICIT_RETAIN_SELF = YES;
				CLANG_WARN_OBJC_LITERAL_CONVERSION = YES;
				CLANG_WARN_OBJC_ROOT_CLASS = YES_ERROR;
				CLANG_WARN_QUOTED_INCLUDE_IN_FRAMEWORK_HEADER = YES;
				CLANG_WARN_RANGE_LOOP_ANALYSIS = YES;
				CLANG_WARN_STRICT_PROTOTYPES = YES;
				CLANG_WARN_SUSPICIOUS_MOVE = YES;
				CLANG_WARN_UNGUARDED_AVAILABILITY = YES_AGGRESSIVE;
				CLANG_WARN_UNREACHABLE_CODE = YES;
				CLANG_WARN__DUPLICATE_METHOD_MATCH = YES;
				COPY_PHASE_STRIP = NO;
				DEBUG_INFORMATION_FORMAT = dwarf;
				ENABLE_STRICT_OBJC_MSGSEND = YES;
				ENABLE_TESTABILITY = YES;
				GCC_C_LANGUAGE_STANDARD = gnu11;
				GCC_DYNAMIC_NO_PIC = NO;
				GCC_NO_COMMON_BLOCKS = YES;
				GCC_OPTIMIZATION_LEVEL = 0;
				GCC_PREPROCESSOR_DEFINITIONS = (
					"DEBUG=1",
					"$(inherited)",
				);
				GCC_WARN_64_TO_32_BIT_CONVERSION = YES;
				GCC_WARN_ABOUT_RETURN_TYPE = YES_ERROR;
				GCC_WARN_UNDECLARED_SELECTOR = YES;
				GCC_WARN_UNINITIALIZED_AUTOS = YES_AGGRESSIVE;
				GCC_WARN_UNUSED_FUNCTION = YES;
				GCC_WARN_UNUSED_VARIABLE = YES;
				IPHONEOS_DEPLOYMENT_TARGET = 14.4;
				MTL_ENABLE_DEBUG_INFO = INCLUDE_SOURCE;
				MTL_FAST_MATH = YES;
				ONLY_ACTIVE_ARCH = YES;
				SDKROOT = iphoneos;
				SWIFT_ACTIVE_COMPILATION_CONDITIONS = DEBUG;
				SWIFT_OPTIMIZATION_LEVEL = "-Onone";
			};
			name = Debug;
		};
		88E25EC429BF7DD00018C150 /* Release */ = {
			isa = XCBuildConfiguration;
			buildSettings = {
				ALWAYS_SEARCH_USER_PATHS = NO;
				CLANG_ANALYZER_LOCALIZABILITY_NONLOCALIZED = YES;
				CLANG_ANALYZER_NONNULL = YES;
				CLANG_ANALYZER_NUMBER_OBJECT_CONVERSION = YES_AGGRESSIVE;
				CLANG_CXX_LANGUAGE_STANDARD = "gnu++14";
				CLANG_CXX_LIBRARY = "libc++";
				CLANG_ENABLE_MODULES = YES;
				CLANG_ENABLE_OBJC_ARC = YES;
				CLANG_ENABLE_OBJC_WEAK = YES;
				CLANG_WARN_BLOCK_CAPTURE_AUTORELEASING = YES;
				CLANG_WARN_BOOL_CONVERSION = YES;
				CLANG_WARN_COMMA = YES;
				CLANG_WARN_CONSTANT_CONVERSION = YES;
				CLANG_WARN_DEPRECATED_OBJC_IMPLEMENTATIONS = YES;
				CLANG_WARN_DIRECT_OBJC_ISA_USAGE = YES_ERROR;
				CLANG_WARN_DOCUMENTATION_COMMENTS = YES;
				CLANG_WARN_EMPTY_BODY = YES;
				CLANG_WARN_ENUM_CONVERSION = YES;
				CLANG_WARN_INFINITE_RECURSION = YES;
				CLANG_WARN_INT_CONVERSION = YES;
				CLANG_WARN_NON_LITERAL_NULL_CONVERSION = YES;
				CLANG_WARN_OBJC_IMPLICIT_RETAIN_SELF = YES;
				CLANG_WARN_OBJC_LITERAL_CONVERSION = YES;
				CLANG_WARN_OBJC_ROOT_CLASS = YES_ERROR;
				CLANG_WARN_QUOTED_INCLUDE_IN_FRAMEWORK_HEADER = YES;
				CLANG_WARN_RANGE_LOOP_ANALYSIS = YES;
				CLANG_WARN_STRICT_PROTOTYPES = YES;
				CLANG_WARN_SUSPICIOUS_MOVE = YES;
				CLANG_WARN_UNGUARDED_AVAILABILITY = YES_AGGRESSIVE;
				CLANG_WARN_UNREACHABLE_CODE = YES;
				CLANG_WARN__DUPLICATE_METHOD_MATCH = YES;
				COPY_PHASE_STRIP = NO;
				DEBUG_INFORMATION_FORMAT = "dwarf-with-dsym";
				ENABLE_NS_ASSERTIONS = NO;
				ENABLE_STRICT_OBJC_MSGSEND = YES;
				GCC_C_LANGUAGE_STANDARD = gnu11;
				GCC_NO_COMMON_BLOCKS = YES;
				GCC_WARN_64_TO_32_BIT_CONVERSION = YES;
				GCC_WARN_ABOUT_RETURN_TYPE = YES_ERROR;
				GCC_WARN_UNDECLARED_SELECTOR = YES;
				GCC_WARN_UNINITIALIZED_AUTOS = YES_AGGRESSIVE;
				GCC_WARN_UNUSED_FUNCTION = YES;
				GCC_WARN_UNUSED_VARIABLE = YES;
				IPHONEOS_DEPLOYMENT_TARGET = 14.4;
				MTL_ENABLE_DEBUG_INFO = NO;
				MTL_FAST_MATH = YES;
				SDKROOT = iphoneos;
				SWIFT_COMPILATION_MODE = wholemodule;
				SWIFT_OPTIMIZATION_LEVEL = "-O";
				VALIDATE_PRODUCT = YES;
			};
			name = Release;
		};
		88E25EC629BF7DD00018C150 /* Debug */ = {
			isa = XCBuildConfiguration;
			baseConfigurationReference = 927E06E6354B021FDADC55C7 /* Pods-FlexibleRouting.debug.xcconfig */;
			buildSettings = {
				ASSETCATALOG_COMPILER_GLOBAL_ACCENT_COLOR_NAME = AccentColor;
				CODE_SIGN_STYLE = Automatic;
				DEVELOPMENT_TEAM = 56U6P9HNQ5;
				INFOPLIST_FILE = FlexibleRouting/Info.plist;
				LD_RUNPATH_SEARCH_PATHS = (
					"$(inherited)",
					"@executable_path/Frameworks",
				);
				PRODUCT_BUNDLE_IDENTIFIER = devoronin.FlexibleRouting;
				PRODUCT_NAME = "$(TARGET_NAME)";
				SWIFT_VERSION = 5.0;
				TARGETED_DEVICE_FAMILY = "1,2";
			};
			name = Debug;
		};
		88E25EC729BF7DD00018C150 /* Release */ = {
			isa = XCBuildConfiguration;
			baseConfigurationReference = 89781D4F6833480B377FA305 /* Pods-FlexibleRouting.release.xcconfig */;
			buildSettings = {
				ASSETCATALOG_COMPILER_GLOBAL_ACCENT_COLOR_NAME = AccentColor;
				CODE_SIGN_STYLE = Automatic;
				DEVELOPMENT_TEAM = 56U6P9HNQ5;
				INFOPLIST_FILE = FlexibleRouting/Info.plist;
				LD_RUNPATH_SEARCH_PATHS = (
					"$(inherited)",
					"@executable_path/Frameworks",
				);
				PRODUCT_BUNDLE_IDENTIFIER = devoronin.FlexibleRouting;
				PRODUCT_NAME = "$(TARGET_NAME)";
				SWIFT_VERSION = 5.0;
				TARGETED_DEVICE_FAMILY = "1,2";
			};
			name = Release;
		};
		88E25EC929BF7DD00018C150 /* Debug */ = {
			isa = XCBuildConfiguration;
			baseConfigurationReference = CDED10FB44D959AC5BB245D1 /* Pods-FlexibleRoutingTests.debug.xcconfig */;
			buildSettings = {
				ALWAYS_EMBED_SWIFT_STANDARD_LIBRARIES = YES;
				BUNDLE_LOADER = "$(TEST_HOST)";
				CODE_SIGN_STYLE = Automatic;
				DEVELOPMENT_TEAM = 56U6P9HNQ5;
				INFOPLIST_FILE = FlexibleRoutingTests/Info.plist;
				IPHONEOS_DEPLOYMENT_TARGET = 14.4;
				LD_RUNPATH_SEARCH_PATHS = (
					"$(inherited)",
					"@executable_path/Frameworks",
					"@loader_path/Frameworks",
				);
				PRODUCT_BUNDLE_IDENTIFIER = devoronin.FlexibleRoutingTests;
				PRODUCT_NAME = "$(TARGET_NAME)";
				SWIFT_VERSION = 5.0;
				TARGETED_DEVICE_FAMILY = "1,2";
				TEST_HOST = "$(BUILT_PRODUCTS_DIR)/FlexibleRouting.app/FlexibleRouting";
			};
			name = Debug;
		};
		88E25ECA29BF7DD00018C150 /* Release */ = {
			isa = XCBuildConfiguration;
			baseConfigurationReference = 95E7D8BE0D995F76A798E925 /* Pods-FlexibleRoutingTests.release.xcconfig */;
			buildSettings = {
				ALWAYS_EMBED_SWIFT_STANDARD_LIBRARIES = YES;
				BUNDLE_LOADER = "$(TEST_HOST)";
				CODE_SIGN_STYLE = Automatic;
				DEVELOPMENT_TEAM = 56U6P9HNQ5;
				INFOPLIST_FILE = FlexibleRoutingTests/Info.plist;
				IPHONEOS_DEPLOYMENT_TARGET = 14.4;
				LD_RUNPATH_SEARCH_PATHS = (
					"$(inherited)",
					"@executable_path/Frameworks",
					"@loader_path/Frameworks",
				);
				PRODUCT_BUNDLE_IDENTIFIER = devoronin.FlexibleRoutingTests;
				PRODUCT_NAME = "$(TARGET_NAME)";
				SWIFT_VERSION = 5.0;
				TARGETED_DEVICE_FAMILY = "1,2";
				TEST_HOST = "$(BUILT_PRODUCTS_DIR)/FlexibleRouting.app/FlexibleRouting";
			};
			name = Release;
		};
		88E25ECC29BF7DD00018C150 /* Debug */ = {
			isa = XCBuildConfiguration;
			baseConfigurationReference = 26020BFDD0331E95654BDEE1 /* Pods-FlexibleRouting-FlexibleRoutingUITests.debug.xcconfig */;
			buildSettings = {
				ALWAYS_EMBED_SWIFT_STANDARD_LIBRARIES = YES;
				CODE_SIGN_STYLE = Automatic;
				DEVELOPMENT_TEAM = 56U6P9HNQ5;
				INFOPLIST_FILE = FlexibleRoutingUITests/Info.plist;
				LD_RUNPATH_SEARCH_PATHS = (
					"$(inherited)",
					"@executable_path/Frameworks",
					"@loader_path/Frameworks",
				);
				PRODUCT_BUNDLE_IDENTIFIER = devoronin.FlexibleRoutingUITests;
				PRODUCT_NAME = "$(TARGET_NAME)";
				SWIFT_VERSION = 5.0;
				TARGETED_DEVICE_FAMILY = "1,2";
				TEST_TARGET_NAME = FlexibleRouting;
			};
			name = Debug;
		};
		88E25ECD29BF7DD00018C150 /* Release */ = {
			isa = XCBuildConfiguration;
			baseConfigurationReference = 050B9F064F689F02CF41F6A2 /* Pods-FlexibleRouting-FlexibleRoutingUITests.release.xcconfig */;
			buildSettings = {
				ALWAYS_EMBED_SWIFT_STANDARD_LIBRARIES = YES;
				CODE_SIGN_STYLE = Automatic;
				DEVELOPMENT_TEAM = 56U6P9HNQ5;
				INFOPLIST_FILE = FlexibleRoutingUITests/Info.plist;
				LD_RUNPATH_SEARCH_PATHS = (
					"$(inherited)",
					"@executable_path/Frameworks",
					"@loader_path/Frameworks",
				);
				PRODUCT_BUNDLE_IDENTIFIER = devoronin.FlexibleRoutingUITests;
				PRODUCT_NAME = "$(TARGET_NAME)";
				SWIFT_VERSION = 5.0;
				TARGETED_DEVICE_FAMILY = "1,2";
				TEST_TARGET_NAME = FlexibleRouting;
			};
			name = Release;
		};
/* End XCBuildConfiguration section */

/* Begin XCConfigurationList section */
		88E25E9629BF7DCE0018C150 /* Build configuration list for PBXProject "FlexibleRouting" */ = {
			isa = XCConfigurationList;
			buildConfigurations = (
				88E25EC329BF7DD00018C150 /* Debug */,
				88E25EC429BF7DD00018C150 /* Release */,
			);
			defaultConfigurationIsVisible = 0;
			defaultConfigurationName = Release;
		};
		88E25EC529BF7DD00018C150 /* Build configuration list for PBXNativeTarget "FlexibleRouting" */ = {
			isa = XCConfigurationList;
			buildConfigurations = (
				88E25EC629BF7DD00018C150 /* Debug */,
				88E25EC729BF7DD00018C150 /* Release */,
			);
			defaultConfigurationIsVisible = 0;
			defaultConfigurationName = Release;
		};
		88E25EC829BF7DD00018C150 /* Build configuration list for PBXNativeTarget "FlexibleRoutingTests" */ = {
			isa = XCConfigurationList;
			buildConfigurations = (
				88E25EC929BF7DD00018C150 /* Debug */,
				88E25ECA29BF7DD00018C150 /* Release */,
			);
			defaultConfigurationIsVisible = 0;
			defaultConfigurationName = Release;
		};
		88E25ECB29BF7DD00018C150 /* Build configuration list for PBXNativeTarget "FlexibleRoutingUITests" */ = {
			isa = XCConfigurationList;
			buildConfigurations = (
				88E25ECC29BF7DD00018C150 /* Debug */,
				88E25ECD29BF7DD00018C150 /* Release */,
			);
			defaultConfigurationIsVisible = 0;
			defaultConfigurationName = Release;
		};
/* End XCConfigurationList section */
	};
	rootObject = 88E25E9329BF7DCE0018C150 /* Project object */;
}
