// !$*UTF8*$!
{
	archiveVersion = 1;
	classes = {
	};
	objectVersion = 50;
	objects = {

/* Begin PBXBuildFile section */
		88A18C8429BF84D9008015DB /* Routable.swift in Sources */ = {isa = PBXBuildFile; fileRef = 88A18C8329BF84D9008015DB /* Routable.swift */; };
		88A18C8529BF84D9008015DB /* Routable.swift in Sources */ = {isa = PBXBuildFile; fileRef = 88A18C8329BF84D9008015DB /* Routable.swift */; };
		88A18C8629BF84D9008015DB /* Routable.swift in Sources */ = {isa = PBXBuildFile; fileRef = 88A18C8329BF84D9008015DB /* Routable.swift */; };
		88A18C8B29BF85C8008015DB /* Transition.swift in Sources */ = {isa = PBXBuildFile; fileRef = 88A18C8A29BF85C8008015DB /* Transition.swift */; };
		88A18C8C29BF85C8008015DB /* Transition.swift in Sources */ = {isa = PBXBuildFile; fileRef = 88A18C8A29BF85C8008015DB /* Transition.swift */; };
		88A18C8D29BF85C8008015DB /* Transition.swift in Sources */ = {isa = PBXBuildFile; fileRef = 88A18C8A29BF85C8008015DB /* Transition.swift */; };
		88A18C9629BF86C2008015DB /* DefaultRouter.swift in Sources */ = {isa = PBXBuildFile; fileRef = 88A18C9529BF86C2008015DB /* DefaultRouter.swift */; };
		88A18C9729BF86C2008015DB /* DefaultRouter.swift in Sources */ = {isa = PBXBuildFile; fileRef = 88A18C9529BF86C2008015DB /* DefaultRouter.swift */; };
		88A18C9829BF86C2008015DB /* DefaultRouter.swift in Sources */ = {isa = PBXBuildFile; fileRef = 88A18C9529BF86C2008015DB /* DefaultRouter.swift */; };
		88A18CA329BF925D008015DB /* AssetsRoute.swift in Sources */ = {isa = PBXBuildFile; fileRef = 88A18CA229BF925D008015DB /* AssetsRoute.swift */; };
		88A18CA429BF925D008015DB /* AssetsRoute.swift in Sources */ = {isa = PBXBuildFile; fileRef = 88A18CA229BF925D008015DB /* AssetsRoute.swift */; };
		88A18CA529BF925D008015DB /* AssetsRoute.swift in Sources */ = {isa = PBXBuildFile; fileRef = 88A18CA229BF925D008015DB /* AssetsRoute.swift */; };
		88A18CAD29BF9327008015DB /* ModalTransition.swift in Sources */ = {isa = PBXBuildFile; fileRef = 88A18CAC29BF9327008015DB /* ModalTransition.swift */; };
		88A18CAE29BF9327008015DB /* ModalTransition.swift in Sources */ = {isa = PBXBuildFile; fileRef = 88A18CAC29BF9327008015DB /* ModalTransition.swift */; };
		88A18CAF29BF9327008015DB /* ModalTransition.swift in Sources */ = {isa = PBXBuildFile; fileRef = 88A18CAC29BF9327008015DB /* ModalTransition.swift */; };
		88E1E48029C08ED0000572FF /* EmptyTransition.swift in Sources */ = {isa = PBXBuildFile; fileRef = 88E1E47F29C08ED0000572FF /* EmptyTransition.swift */; };
		88E25E9F29BF7DCE0018C150 /* AppDelegate.swift in Sources */ = {isa = PBXBuildFile; fileRef = 88E25E9E29BF7DCE0018C150 /* AppDelegate.swift */; };
		88E25EA129BF7DCE0018C150 /* SceneDelegate.swift in Sources */ = {isa = PBXBuildFile; fileRef = 88E25EA029BF7DCE0018C150 /* SceneDelegate.swift */; };
		88E25EA329BF7DCE0018C150 /* AssetsViewController.swift in Sources */ = {isa = PBXBuildFile; fileRef = 88E25EA229BF7DCE0018C150 /* AssetsViewController.swift */; };
		88E25EA829BF7DD00018C150 /* Assets.xcassets in Resources */ = {isa = PBXBuildFile; fileRef = 88E25EA729BF7DD00018C150 /* Assets.xcassets */; };
		88E25EAB29BF7DD00018C150 /* LaunchScreen.storyboard in Resources */ = {isa = PBXBuildFile; fileRef = 88E25EA929BF7DD00018C150 /* LaunchScreen.storyboard */; };
		88E25EB629BF7DD00018C150 /* FlexibleRoutingTests.swift in Sources */ = {isa = PBXBuildFile; fileRef = 88E25EB529BF7DD00018C150 /* FlexibleRoutingTests.swift */; };
		88E25EC129BF7DD00018C150 /* FlexibleRoutingUITests.swift in Sources */ = {isa = PBXBuildFile; fileRef = 88E25EC029BF7DD00018C150 /* FlexibleRoutingUITests.swift */; };
/* End PBXBuildFile section */

/* Begin PBXContainerItemProxy section */
		88E25EB229BF7DD00018C150 /* PBXContainerItemProxy */ = {
			isa = PBXContainerItemProxy;
			containerPortal = 88E25E9329BF7DCE0018C150 /* Project object */;
			proxyType = 1;
			remoteGlobalIDString = 88E25E9A29BF7DCE0018C150;
			remoteInfo = FlexibleRouting;
		};
		88E25EBD29BF7DD00018C150 /* PBXContainerItemProxy */ = {
			isa = PBXContainerItemProxy;
			containerPortal = 88E25E9329BF7DCE0018C150 /* Project object */;
			proxyType = 1;
			remoteGlobalIDString = 88E25E9A29BF7DCE0018C150;
			remoteInfo = FlexibleRouting;
		};
/* End PBXContainerItemProxy section */

/* Begin PBXFileReference section */
		88A18C8329BF84D9008015DB /* Routable.swift */ = {isa = PBXFileReference; lastKnownFileType = sourcecode.swift; path = Routable.swift; sourceTree = "<group>"; };
		88A18C8A29BF85C8008015DB /* Transition.swift */ = {isa = PBXFileReference; lastKnownFileType = sourcecode.swift; path = Transition.swift; sourceTree = "<group>"; };
		88A18C9529BF86C2008015DB /* DefaultRouter.swift */ = {isa = PBXFileReference; lastKnownFileType = sourcecode.swift; path = DefaultRouter.swift; sourceTree = "<group>"; };
		88A18CA229BF925D008015DB /* AssetsRoute.swift */ = {isa = PBXFileReference; lastKnownFileType = sourcecode.swift; path = AssetsRoute.swift; sourceTree = "<group>"; };
		88A18CAC29BF9327008015DB /* ModalTransition.swift */ = {isa = PBXFileReference; lastKnownFileType = sourcecode.swift; path = ModalTransition.swift; sourceTree = "<group>"; };
		88E1E47F29C08ED0000572FF /* EmptyTransition.swift */ = {isa = PBXFileReference; lastKnownFileType = sourcecode.swift; path = EmptyTransition.swift; sourceTree = "<group>"; };
		88E25E9B29BF7DCE0018C150 /* FlexibleRouting.app */ = {isa = PBXFileReference; explicitFileType = wrapper.application; includeInIndex = 0; path = FlexibleRouting.app; sourceTree = BUILT_PRODUCTS_DIR; };
		88E25E9E29BF7DCE0018C150 /* AppDelegate.swift */ = {isa = PBXFileReference; lastKnownFileType = sourcecode.swift; path = AppDelegate.swift; sourceTree = "<group>"; };
		88E25EA029BF7DCE0018C150 /* SceneDelegate.swift */ = {isa = PBXFileReference; lastKnownFileType = sourcecode.swift; path = SceneDelegate.swift; sourceTree = "<group>"; };
		88E25EA229BF7DCE0018C150 /* AssetsViewController.swift */ = {isa = PBXFileReference; lastKnownFileType = sourcecode.swift; path = AssetsViewController.swift; sourceTree = "<group>"; };
		88E25EA729BF7DD00018C150 /* Assets.xcassets */ = {isa = PBXFileReference; lastKnownFileType = folder.assetcatalog; path = Assets.xcassets; sourceTree = "<group>"; };
		88E25EAA29BF7DD00018C150 /* Base */ = {isa = PBXFileReference; lastKnownFileType = file.storyboard; name = Base; path = Base.lproj/LaunchScreen.storyboard; sourceTree = "<group>"; };
		88E25EAC29BF7DD00018C150 /* Info.plist */ = {isa = PBXFileReference; lastKnownFileType = text.plist.xml; path = Info.plist; sourceTree = "<group>"; };
		88E25EB129BF7DD00018C150 /* FlexibleRoutingTests.xctest */ = {isa = PBXFileReference; explicitFileType = wrapper.cfbundle; includeInIndex = 0; path = FlexibleRoutingTests.xctest; sourceTree = BUILT_PRODUCTS_DIR; };
		88E25EB529BF7DD00018C150 /* FlexibleRoutingTests.swift */ = {isa = PBXFileReference; lastKnownFileType = sourcecode.swift; path = FlexibleRoutingTests.swift; sourceTree = "<group>"; };
		88E25EB729BF7DD00018C150 /* Info.plist */ = {isa = PBXFileReference; lastKnownFileType = text.plist.xml; path = Info.plist; sourceTree = "<group>"; };
		88E25EBC29BF7DD00018C150 /* FlexibleRoutingUITests.xctest */ = {isa = PBXFileReference; explicitFileType = wrapper.cfbundle; includeInIndex = 0; path = FlexibleRoutingUITests.xctest; sourceTree = BUILT_PRODUCTS_DIR; };
		88E25EC029BF7DD00018C150 /* FlexibleRoutingUITests.swift */ = {isa = PBXFileReference; lastKnownFileType = sourcecode.swift; path = FlexibleRoutingUITests.swift; sourceTree = "<group>"; };
		88E25EC229BF7DD00018C150 /* Info.plist */ = {isa = PBXFileReference; lastKnownFileType = text.plist.xml; path = Info.plist; sourceTree = "<group>"; };
/* End PBXFileReference section */

/* Begin PBXFrameworksBuildPhase section */
		88E25E9829BF7DCE0018C150 /* Frameworks */ = {
			isa = PBXFrameworksBuildPhase;
			buildActionMask = 2147483647;
			files = (
			);
			runOnlyForDeploymentPostprocessing = 0;
		};
		88E25EAE29BF7DD00018C150 /* Frameworks */ = {
			isa = PBXFrameworksBuildPhase;
			buildActionMask = 2147483647;
			files = (
			);
			runOnlyForDeploymentPostprocessing = 0;
		};
		88E25EB929BF7DD00018C150 /* Frameworks */ = {
			isa = PBXFrameworksBuildPhase;
			buildActionMask = 2147483647;
			files = (
			);
			runOnlyForDeploymentPostprocessing = 0;
		};
/* End PBXFrameworksBuildPhase section */

/* Begin PBXGroup section */
		88A18C9129BF866E008015DB /* Base */ = {
			isa = PBXGroup;
			children = (
				88A18C9529BF86C2008015DB /* DefaultRouter.swift */,
				88A18C8329BF84D9008015DB /* Routable.swift */,
				88E1E47829C08EB8000572FF /* Transitions */,
			);
			path = Base;
			sourceTree = "<group>";
		};
		88E1E47829C08EB8000572FF /* Transitions */ = {
			isa = PBXGroup;
			children = (
				88A18C8A29BF85C8008015DB /* Transition.swift */,
				88A18CAC29BF9327008015DB /* ModalTransition.swift */,
				88E1E47F29C08ED0000572FF /* EmptyTransition.swift */,
			);
			path = Transitions;
			sourceTree = "<group>";
		};
		88E25E9229BF7DCE0018C150 = {
			isa = PBXGroup;
			children = (
				88E25E9D29BF7DCE0018C150 /* FlexibleRouting */,
				88E25EB429BF7DD00018C150 /* FlexibleRoutingTests */,
				88E25EBF29BF7DD00018C150 /* FlexibleRoutingUITests */,
				88E25E9C29BF7DCE0018C150 /* Products */,
			);
			sourceTree = "<group>";
		};
		88E25E9C29BF7DCE0018C150 /* Products */ = {
			isa = PBXGroup;
			children = (
				88E25E9B29BF7DCE0018C150 /* FlexibleRouting.app */,
				88E25EB129BF7DD00018C150 /* FlexibleRoutingTests.xctest */,
				88E25EBC29BF7DD00018C150 /* FlexibleRoutingUITests.xctest */,
			);
			name = Products;
			sourceTree = "<group>";
		};
		88E25E9D29BF7DCE0018C150 /* FlexibleRouting */ = {
			isa = PBXGroup;
			children = (
				88A18C9129BF866E008015DB /* Base */,
				88E25E9E29BF7DCE0018C150 /* AppDelegate.swift */,
				88E25EA029BF7DCE0018C150 /* SceneDelegate.swift */,
				88E25EA229BF7DCE0018C150 /* AssetsViewController.swift */,
				88E25EA729BF7DD00018C150 /* Assets.xcassets */,
				88E25EA929BF7DD00018C150 /* LaunchScreen.storyboard */,
				88E25EAC29BF7DD00018C150 /* Info.plist */,
				88A18CA229BF925D008015DB /* AssetsRoute.swift */,
			);
			path = FlexibleRouting;
			sourceTree = "<group>";
		};
		88E25EB429BF7DD00018C150 /* FlexibleRoutingTests */ = {
			isa = PBXGroup;
			children = (
				88E25EB529BF7DD00018C150 /* FlexibleRoutingTests.swift */,
				88E25EB729BF7DD00018C150 /* Info.plist */,
			);
			path = FlexibleRoutingTests;
			sourceTree = "<group>";
		};
		88E25EBF29BF7DD00018C150 /* FlexibleRoutingUITests */ = {
			isa = PBXGroup;
			children = (
				88E25EC029BF7DD00018C150 /* FlexibleRoutingUITests.swift */,
				88E25EC229BF7DD00018C150 /* Info.plist */,
			);
			path = FlexibleRoutingUITests;
			sourceTree = "<group>";
		};
/* End PBXGroup section */

/* Begin PBXNativeTarget section */
		88E25E9A29BF7DCE0018C150 /* FlexibleRouting */ = {
			isa = PBXNativeTarget;
			buildConfigurationList = 88E25EC529BF7DD00018C150 /* Build configuration list for PBXNativeTarget "FlexibleRouting" */;
			buildPhases = (
				88E25E9729BF7DCE0018C150 /* Sources */,
				88E25E9829BF7DCE0018C150 /* Frameworks */,
				88E25E9929BF7DCE0018C150 /* Resources */,
			);
			buildRules = (
			);
			dependencies = (
			);
			name = FlexibleRouting;
			productName = FlexibleRouting;
			productReference = 88E25E9B29BF7DCE0018C150 /* FlexibleRouting.app */;
			productType = "com.apple.product-type.application";
		};
		88E25EB029BF7DD00018C150 /* FlexibleRoutingTests */ = {
			isa = PBXNativeTarget;
			buildConfigurationList = 88E25EC829BF7DD00018C150 /* Build configuration list for PBXNativeTarget "FlexibleRoutingTests" */;
			buildPhases = (
				88E25EAD29BF7DD00018C150 /* Sources */,
				88E25EAE29BF7DD00018C150 /* Frameworks */,
				88E25EAF29BF7DD00018C150 /* Resources */,
			);
			buildRules = (
			);
			dependencies = (
				88E25EB329BF7DD00018C150 /* PBXTargetDependency */,
			);
			name = FlexibleRoutingTests;
			productName = FlexibleRoutingTests;
			productReference = 88E25EB129BF7DD00018C150 /* FlexibleRoutingTests.xctest */;
			productType = "com.apple.product-type.bundle.unit-test";
		};
		88E25EBB29BF7DD00018C150 /* FlexibleRoutingUITests */ = {
			isa = PBXNativeTarget;
			buildConfigurationList = 88E25ECB29BF7DD00018C150 /* Build configuration list for PBXNativeTarget "FlexibleRoutingUITests" */;
			buildPhases = (
				88E25EB829BF7DD00018C150 /* Sources */,
				88E25EB929BF7DD00018C150 /* Frameworks */,
				88E25EBA29BF7DD00018C150 /* Resources */,
			);
			buildRules = (
			);
			dependencies = (
				88E25EBE29BF7DD00018C150 /* PBXTargetDependency */,
			);
			name = FlexibleRoutingUITests;
			productName = FlexibleRoutingUITests;
			productReference = 88E25EBC29BF7DD00018C150 /* FlexibleRoutingUITests.xctest */;
			productType = "com.apple.product-type.bundle.ui-testing";
		};
/* End PBXNativeTarget section */

/* Begin PBXProject section */
		88E25E9329BF7DCE0018C150 /* Project object */ = {
			isa = PBXProject;
			attributes = {
				LastSwiftUpdateCheck = 1240;
				LastUpgradeCheck = 1240;
				TargetAttributes = {
					88E25E9A29BF7DCE0018C150 = {
						CreatedOnToolsVersion = 12.4;
					};
					88E25EB029BF7DD00018C150 = {
						CreatedOnToolsVersion = 12.4;
						TestTargetID = 88E25E9A29BF7DCE0018C150;
					};
					88E25EBB29BF7DD00018C150 = {
						CreatedOnToolsVersion = 12.4;
						TestTargetID = 88E25E9A29BF7DCE0018C150;
					};
				};
			};
			buildConfigurationList = 88E25E9629BF7DCE0018C150 /* Build configuration list for PBXProject "FlexibleRouting" */;
			compatibilityVersion = "Xcode 9.3";
			developmentRegion = en;
			hasScannedForEncodings = 0;
			knownRegions = (
				en,
				Base,
			);
			mainGroup = 88E25E9229BF7DCE0018C150;
			productRefGroup = 88E25E9C29BF7DCE0018C150 /* Products */;
			projectDirPath = "";
			projectRoot = "";
			targets = (
				88E25E9A29BF7DCE0018C150 /* FlexibleRouting */,
				88E25EB029BF7DD00018C150 /* FlexibleRoutingTests */,
				88E25EBB29BF7DD00018C150 /* FlexibleRoutingUITests */,
			);
		};
/* End PBXProject section */

/* Begin PBXResourcesBuildPhase section */
		88E25E9929BF7DCE0018C150 /* Resources */ = {
			isa = PBXResourcesBuildPhase;
			buildActionMask = 2147483647;
			files = (
				88E25EAB29BF7DD00018C150 /* LaunchScreen.storyboard in Resources */,
				88E25EA829BF7DD00018C150 /* Assets.xcassets in Resources */,
			);
			runOnlyForDeploymentPostprocessing = 0;
		};
		88E25EAF29BF7DD00018C150 /* Resources */ = {
			isa = PBXResourcesBuildPhase;
			buildActionMask = 2147483647;
			files = (
			);
			runOnlyForDeploymentPostprocessing = 0;
		};
		88E25EBA29BF7DD00018C150 /* Resources */ = {
			isa = PBXResourcesBuildPhase;
			buildActionMask = 2147483647;
			files = (
			);
			runOnlyForDeploymentPostprocessing = 0;
		};
/* End PBXResourcesBuildPhase section */

/* Begin PBXSourcesBuildPhase section */
		88E25E9729BF7DCE0018C150 /* Sources */ = {
			isa = PBXSourcesBuildPhase;
			buildActionMask = 2147483647;
			files = (
				88A18CAD29BF9327008015DB /* ModalTransition.swift in Sources */,
				88A18C8B29BF85C8008015DB /* Transition.swift in Sources */,
				88E1E48029C08ED0000572FF /* EmptyTransition.swift in Sources */,
				88E25EA329BF7DCE0018C150 /* AssetsViewController.swift in Sources */,
				88E25E9F29BF7DCE0018C150 /* AppDelegate.swift in Sources */,
				88E25EA129BF7DCE0018C150 /* SceneDelegate.swift in Sources */,
				88A18C9629BF86C2008015DB /* DefaultRouter.swift in Sources */,
				88A18C8429BF84D9008015DB /* Routable.swift in Sources */,
				88A18CA329BF925D008015DB /* AssetsRoute.swift in Sources */,
			);
			runOnlyForDeploymentPostprocessing = 0;
		};
		88E25EAD29BF7DD00018C150 /* Sources */ = {
			isa = PBXSourcesBuildPhase;
			buildActionMask = 2147483647;
			files = (
				88A18CAE29BF9327008015DB /* ModalTransition.swift in Sources */,
				88A18C9729BF86C2008015DB /* DefaultRouter.swift in Sources */,
				88A18CA429BF925D008015DB /* AssetsRoute.swift in Sources */,
				88A18C8C29BF85C8008015DB /* Transition.swift in Sources */,
				88E25EB629BF7DD00018C150 /* FlexibleRoutingTests.swift in Sources */,
				88A18C8529BF84D9008015DB /* Routable.swift in Sources */,
			);
			runOnlyForDeploymentPostprocessing = 0;
		};
		88E25EB829BF7DD00018C150 /* Sources */ = {
			isa = PBXSourcesBuildPhase;
			buildActionMask = 2147483647;
			files = (
				88A18CAF29BF9327008015DB /* ModalTransition.swift in Sources */,
				88A18C9829BF86C2008015DB /* DefaultRouter.swift in Sources */,
				88A18CA529BF925D008015DB /* AssetsRoute.swift in Sources */,
				88A18C8D29BF85C8008015DB /* Transition.swift in Sources */,
				88E25EC129BF7DD00018C150 /* FlexibleRoutingUITests.swift in Sources */,
				88A18C8629BF84D9008015DB /* Routable.swift in Sources */,
			);
			runOnlyForDeploymentPostprocessing = 0;
		};
/* End PBXSourcesBuildPhase section */

/* Begin PBXTargetDependency section */
		88E25EB329BF7DD00018C150 /* PBXTargetDependency */ = {
			isa = PBXTargetDependency;
			target = 88E25E9A29BF7DCE0018C150 /* FlexibleRouting */;
			targetProxy = 88E25EB229BF7DD00018C150 /* PBXContainerItemProxy */;
		};
		88E25EBE29BF7DD00018C150 /* PBXTargetDependency */ = {
			isa = PBXTargetDependency;
			target = 88E25E9A29BF7DCE0018C150 /* FlexibleRouting */;
			targetProxy = 88E25EBD29BF7DD00018C150 /* PBXContainerItemProxy */;
		};
/* End PBXTargetDependency section */

/* Begin PBXVariantGroup section */
		88E25EA929BF7DD00018C150 /* LaunchScreen.storyboard */ = {
			isa = PBXVariantGroup;
			children = (
				88E25EAA29BF7DD00018C150 /* Base */,
			);
			name = LaunchScreen.storyboard;
			sourceTree = "<group>";
		};
/* End PBXVariantGroup section */

/* Begin XCBuildConfiguration section */
		88E25EC329BF7DD00018C150 /* Debug */ = {
			isa = XCBuildConfiguration;
			buildSettings = {
				ALWAYS_SEARCH_USER_PATHS = NO;
				CLANG_ANALYZER_NONNULL = YES;
				CLANG_ANALYZER_NUMBER_OBJECT_CONVERSION = YES_AGGRESSIVE;
				CLANG_CXX_LANGUAGE_STANDARD = "gnu++14";
				CLANG_CXX_LIBRARY = "libc++";
				CLANG_ENABLE_MODULES = YES;
				CLANG_ENABLE_OBJC_ARC = YES;
				CLANG_ENABLE_OBJC_WEAK = YES;
				CLANG_WARN_BLOCK_CAPTURE_AUTORELEASING = YES;
				CLANG_WARN_BOOL_CONVERSION = YES;
				CLANG_WARN_COMMA = YES;
				CLANG_WARN_CONSTANT_CONVERSION = YES;
				CLANG_WARN_DEPRECATED_OBJC_IMPLEMENTATIONS = YES;
				CLANG_WARN_DIRECT_OBJC_ISA_USAGE = YES_ERROR;
				CLANG_WARN_DOCUMENTATION_COMMENTS = YES;
				CLANG_WARN_EMPTY_BODY = YES;
				CLANG_WARN_ENUM_CONVERSION = YES;
				CLANG_WARN_INFINITE_RECURSION = YES;
				CLANG_WARN_INT_CONVERSION = YES;
				CLANG_WARN_NON_LITERAL_NULL_CONVERSION = YES;
				CLANG_WARN_OBJC_IMPLICIT_RETAIN_SELF = YES;
				CLANG_WARN_OBJC_LITERAL_CONVERSION = YES;
				CLANG_WARN_OBJC_ROOT_CLASS = YES_ERROR;
				CLANG_WARN_QUOTED_INCLUDE_IN_FRAMEWORK_HEADER = YES;
				CLANG_WARN_RANGE_LOOP_ANALYSIS = YES;
				CLANG_WARN_STRICT_PROTOTYPES = YES;
				CLANG_WARN_SUSPICIOUS_MOVE = YES;
				CLANG_WARN_UNGUARDED_AVAILABILITY = YES_AGGRESSIVE;
				CLANG_WARN_UNREACHABLE_CODE = YES;
				CLANG_WARN__DUPLICATE_METHOD_MATCH = YES;
				COPY_PHASE_STRIP = NO;
				DEBUG_INFORMATION_FORMAT = dwarf;
				ENABLE_STRICT_OBJC_MSGSEND = YES;
				ENABLE_TESTABILITY = YES;
				GCC_C_LANGUAGE_STANDARD = gnu11;
				GCC_DYNAMIC_NO_PIC = NO;
				GCC_NO_COMMON_BLOCKS = YES;
				GCC_OPTIMIZATION_LEVEL = 0;
				GCC_PREPROCESSOR_DEFINITIONS = (
					"DEBUG=1",
					"$(inherited)",
				);
				GCC_WARN_64_TO_32_BIT_CONVERSION = YES;
				GCC_WARN_ABOUT_RETURN_TYPE = YES_ERROR;
				GCC_WARN_UNDECLARED_SELECTOR = YES;
				GCC_WARN_UNINITIALIZED_AUTOS = YES_AGGRESSIVE;
				GCC_WARN_UNUSED_FUNCTION = YES;
				GCC_WARN_UNUSED_VARIABLE = YES;
				IPHONEOS_DEPLOYMENT_TARGET = 14.4;
				MTL_ENABLE_DEBUG_INFO = INCLUDE_SOURCE;
				MTL_FAST_MATH = YES;
				ONLY_ACTIVE_ARCH = YES;
				SDKROOT = iphoneos;
				SWIFT_ACTIVE_COMPILATION_CONDITIONS = DEBUG;
				SWIFT_OPTIMIZATION_LEVEL = "-Onone";
			};
			name = Debug;
		};
		88E25EC429BF7DD00018C150 /* Release */ = {
			isa = XCBuildConfiguration;
			buildSettings = {
				ALWAYS_SEARCH_USER_PATHS = NO;
				CLANG_ANALYZER_NONNULL = YES;
				CLANG_ANALYZER_NUMBER_OBJECT_CONVERSION = YES_AGGRESSIVE;
				CLANG_CXX_LANGUAGE_STANDARD = "gnu++14";
				CLANG_CXX_LIBRARY = "libc++";
				CLANG_ENABLE_MODULES = YES;
				CLANG_ENABLE_OBJC_ARC = YES;
				CLANG_ENABLE_OBJC_WEAK = YES;
				CLANG_WARN_BLOCK_CAPTURE_AUTORELEASING = YES;
				CLANG_WARN_BOOL_CONVERSION = YES;
				CLANG_WARN_COMMA = YES;
				CLANG_WARN_CONSTANT_CONVERSION = YES;
				CLANG_WARN_DEPRECATED_OBJC_IMPLEMENTATIONS = YES;
				CLANG_WARN_DIRECT_OBJC_ISA_USAGE = YES_ERROR;
				CLANG_WARN_DOCUMENTATION_COMMENTS = YES;
				CLANG_WARN_EMPTY_BODY = YES;
				CLANG_WARN_ENUM_CONVERSION = YES;
				CLANG_WARN_INFINITE_RECURSION = YES;
				CLANG_WARN_INT_CONVERSION = YES;
				CLANG_WARN_NON_LITERAL_NULL_CONVERSION = YES;
				CLANG_WARN_OBJC_IMPLICIT_RETAIN_SELF = YES;
				CLANG_WARN_OBJC_LITERAL_CONVERSION = YES;
				CLANG_WARN_OBJC_ROOT_CLASS = YES_ERROR;
				CLANG_WARN_QUOTED_INCLUDE_IN_FRAMEWORK_HEADER = YES;
				CLANG_WARN_RANGE_LOOP_ANALYSIS = YES;
				CLANG_WARN_STRICT_PROTOTYPES = YES;
				CLANG_WARN_SUSPICIOUS_MOVE = YES;
				CLANG_WARN_UNGUARDED_AVAILABILITY = YES_AGGRESSIVE;
				CLANG_WARN_UNREACHABLE_CODE = YES;
				CLANG_WARN__DUPLICATE_METHOD_MATCH = YES;
				COPY_PHASE_STRIP = NO;
				DEBUG_INFORMATION_FORMAT = "dwarf-with-dsym";
				ENABLE_NS_ASSERTIONS = NO;
				ENABLE_STRICT_OBJC_MSGSEND = YES;
				GCC_C_LANGUAGE_STANDARD = gnu11;
				GCC_NO_COMMON_BLOCKS = YES;
				GCC_WARN_64_TO_32_BIT_CONVERSION = YES;
				GCC_WARN_ABOUT_RETURN_TYPE = YES_ERROR;
				GCC_WARN_UNDECLARED_SELECTOR = YES;
				GCC_WARN_UNINITIALIZED_AUTOS = YES_AGGRESSIVE;
				GCC_WARN_UNUSED_FUNCTION = YES;
				GCC_WARN_UNUSED_VARIABLE = YES;
				IPHONEOS_DEPLOYMENT_TARGET = 14.4;
				MTL_ENABLE_DEBUG_INFO = NO;
				MTL_FAST_MATH = YES;
				SDKROOT = iphoneos;
				SWIFT_COMPILATION_MODE = wholemodule;
				SWIFT_OPTIMIZATION_LEVEL = "-O";
				VALIDATE_PRODUCT = YES;
			};
			name = Release;
		};
		88E25EC629BF7DD00018C150 /* Debug */ = {
			isa = XCBuildConfiguration;
			buildSettings = {
				ASSETCATALOG_COMPILER_APPICON_NAME = AppIcon;
				ASSETCATALOG_COMPILER_GLOBAL_ACCENT_COLOR_NAME = AccentColor;
				CODE_SIGN_STYLE = Automatic;
				DEVELOPMENT_TEAM = 56U6P9HNQ5;
				INFOPLIST_FILE = FlexibleRouting/Info.plist;
				LD_RUNPATH_SEARCH_PATHS = (
					"$(inherited)",
					"@executable_path/Frameworks",
				);
				PRODUCT_BUNDLE_IDENTIFIER = devoronin.FlexibleRouting;
				PRODUCT_NAME = "$(TARGET_NAME)";
				SWIFT_VERSION = 5.0;
				TARGETED_DEVICE_FAMILY = "1,2";
			};
			name = Debug;
		};
		88E25EC729BF7DD00018C150 /* Release */ = {
			isa = XCBuildConfiguration;
			buildSettings = {
				ASSETCATALOG_COMPILER_APPICON_NAME = AppIcon;
				ASSETCATALOG_COMPILER_GLOBAL_ACCENT_COLOR_NAME = AccentColor;
				CODE_SIGN_STYLE = Automatic;
				DEVELOPMENT_TEAM = 56U6P9HNQ5;
				INFOPLIST_FILE = FlexibleRouting/Info.plist;
				LD_RUNPATH_SEARCH_PATHS = (
					"$(inherited)",
					"@executable_path/Frameworks",
				);
				PRODUCT_BUNDLE_IDENTIFIER = devoronin.FlexibleRouting;
				PRODUCT_NAME = "$(TARGET_NAME)";
				SWIFT_VERSION = 5.0;
				TARGETED_DEVICE_FAMILY = "1,2";
			};
			name = Release;
		};
		88E25EC929BF7DD00018C150 /* Debug */ = {
			isa = XCBuildConfiguration;
			buildSettings = {
				ALWAYS_EMBED_SWIFT_STANDARD_LIBRARIES = YES;
				BUNDLE_LOADER = "$(TEST_HOST)";
				CODE_SIGN_STYLE = Automatic;
				DEVELOPMENT_TEAM = 56U6P9HNQ5;
				INFOPLIST_FILE = FlexibleRoutingTests/Info.plist;
				IPHONEOS_DEPLOYMENT_TARGET = 14.4;
				LD_RUNPATH_SEARCH_PATHS = (
					"$(inherited)",
					"@executable_path/Frameworks",
					"@loader_path/Frameworks",
				);
				PRODUCT_BUNDLE_IDENTIFIER = devoronin.FlexibleRoutingTests;
				PRODUCT_NAME = "$(TARGET_NAME)";
				SWIFT_VERSION = 5.0;
				TARGETED_DEVICE_FAMILY = "1,2";
				TEST_HOST = "$(BUILT_PRODUCTS_DIR)/FlexibleRouting.app/FlexibleRouting";
			};
			name = Debug;
		};
		88E25ECA29BF7DD00018C150 /* Release */ = {
			isa = XCBuildConfiguration;
			buildSettings = {
				ALWAYS_EMBED_SWIFT_STANDARD_LIBRARIES = YES;
				BUNDLE_LOADER = "$(TEST_HOST)";
				CODE_SIGN_STYLE = Automatic;
				DEVELOPMENT_TEAM = 56U6P9HNQ5;
				INFOPLIST_FILE = FlexibleRoutingTests/Info.plist;
				IPHONEOS_DEPLOYMENT_TARGET = 14.4;
				LD_RUNPATH_SEARCH_PATHS = (
					"$(inherited)",
					"@executable_path/Frameworks",
					"@loader_path/Frameworks",
				);
				PRODUCT_BUNDLE_IDENTIFIER = devoronin.FlexibleRoutingTests;
				PRODUCT_NAME = "$(TARGET_NAME)";
				SWIFT_VERSION = 5.0;
				TARGETED_DEVICE_FAMILY = "1,2";
				TEST_HOST = "$(BUILT_PRODUCTS_DIR)/FlexibleRouting.app/FlexibleRouting";
			};
			name = Release;
		};
		88E25ECC29BF7DD00018C150 /* Debug */ = {
			isa = XCBuildConfiguration;
			buildSettings = {
				ALWAYS_EMBED_SWIFT_STANDARD_LIBRARIES = YES;
				CODE_SIGN_STYLE = Automatic;
				DEVELOPMENT_TEAM = 56U6P9HNQ5;
				INFOPLIST_FILE = FlexibleRoutingUITests/Info.plist;
				LD_RUNPATH_SEARCH_PATHS = (
					"$(inherited)",
					"@executable_path/Frameworks",
					"@loader_path/Frameworks",
				);
				PRODUCT_BUNDLE_IDENTIFIER = devoronin.FlexibleRoutingUITests;
				PRODUCT_NAME = "$(TARGET_NAME)";
				SWIFT_VERSION = 5.0;
				TARGETED_DEVICE_FAMILY = "1,2";
				TEST_TARGET_NAME = FlexibleRouting;
			};
			name = Debug;
		};
		88E25ECD29BF7DD00018C150 /* Release */ = {
			isa = XCBuildConfiguration;
			buildSettings = {
				ALWAYS_EMBED_SWIFT_STANDARD_LIBRARIES = YES;
				CODE_SIGN_STYLE = Automatic;
				DEVELOPMENT_TEAM = 56U6P9HNQ5;
				INFOPLIST_FILE = FlexibleRoutingUITests/Info.plist;
				LD_RUNPATH_SEARCH_PATHS = (
					"$(inherited)",
					"@executable_path/Frameworks",
					"@loader_path/Frameworks",
				);
				PRODUCT_BUNDLE_IDENTIFIER = devoronin.FlexibleRoutingUITests;
				PRODUCT_NAME = "$(TARGET_NAME)";
				SWIFT_VERSION = 5.0;
				TARGETED_DEVICE_FAMILY = "1,2";
				TEST_TARGET_NAME = FlexibleRouting;
			};
			name = Release;
		};
/* End XCBuildConfiguration section */

/* Begin XCConfigurationList section */
		88E25E9629BF7DCE0018C150 /* Build configuration list for PBXProject "FlexibleRouting" */ = {
			isa = XCConfigurationList;
			buildConfigurations = (
				88E25EC329BF7DD00018C150 /* Debug */,
				88E25EC429BF7DD00018C150 /* Release */,
			);
			defaultConfigurationIsVisible = 0;
			defaultConfigurationName = Release;
		};
		88E25EC529BF7DD00018C150 /* Build configuration list for PBXNativeTarget "FlexibleRouting" */ = {
			isa = XCConfigurationList;
			buildConfigurations = (
				88E25EC629BF7DD00018C150 /* Debug */,
				88E25EC729BF7DD00018C150 /* Release */,
			);
			defaultConfigurationIsVisible = 0;
			defaultConfigurationName = Release;
		};
		88E25EC829BF7DD00018C150 /* Build configuration list for PBXNativeTarget "FlexibleRoutingTests" */ = {
			isa = XCConfigurationList;
			buildConfigurations = (
				88E25EC929BF7DD00018C150 /* Debug */,
				88E25ECA29BF7DD00018C150 /* Release */,
			);
			defaultConfigurationIsVisible = 0;
			defaultConfigurationName = Release;
		};
		88E25ECB29BF7DD00018C150 /* Build configuration list for PBXNativeTarget "FlexibleRoutingUITests" */ = {
			isa = XCConfigurationList;
			buildConfigurations = (
				88E25ECC29BF7DD00018C150 /* Debug */,
				88E25ECD29BF7DD00018C150 /* Release */,
			);
			defaultConfigurationIsVisible = 0;
			defaultConfigurationName = Release;
		};
/* End XCConfigurationList section */
	};
	rootObject = 88E25E9329BF7DCE0018C150 /* Project object */;
}
